// !$*UTF8*$!
{
	archiveVersion = 1;
	classes = {
	};
	objectVersion = 54;
	objects = {

/* Begin PBXBuildFile section */
		10D9ABCA24F55839006C014C /* BlackBerryDynamics.xcframework in Frameworks */ = {isa = PBXBuildFile; fileRef = 10D9ABC924F55839006C014C /* BlackBerryDynamics.xcframework */; };
		10D9ABCB24F55839006C014C /* BlackBerryDynamics.xcframework in Copy Framework */ = {isa = PBXBuildFile; fileRef = 10D9ABC924F55839006C014C /* BlackBerryDynamics.xcframework */; settings = {ATTRIBUTES = (CodeSignOnCopy, ); }; };
		10E91E9D24EFD5FC00FFC84A /* BlackBerryCerticom.xcframework in Frameworks */ = {isa = PBXBuildFile; fileRef = 10E91E9A24EFD5F800FFC84A /* BlackBerryCerticom.xcframework */; };
		10E91E9E24EFD5FC00FFC84A /* BlackBerryCerticom.xcframework in Copy Framework */ = {isa = PBXBuildFile; fileRef = 10E91E9A24EFD5F800FFC84A /* BlackBerryCerticom.xcframework */; settings = {ATTRIBUTES = (CodeSignOnCopy, ); }; };
		10E91E9F24EFD5FC00FFC84A /* BlackBerryCerticomSBGSE.xcframework in Frameworks */ = {isa = PBXBuildFile; fileRef = 10E91E9924EFD5F800FFC84A /* BlackBerryCerticomSBGSE.xcframework */; };
		10E91EA024EFD5FC00FFC84A /* BlackBerryCerticomSBGSE.xcframework in Copy Framework */ = {isa = PBXBuildFile; fileRef = 10E91E9924EFD5F800FFC84A /* BlackBerryCerticomSBGSE.xcframework */; settings = {ATTRIBUTES = (CodeSignOnCopy, ); }; };
		1E8D8C7E1C7E22A100EAA9B7 /* Launch.storyboard in Resources */ = {isa = PBXBuildFile; fileRef = 1E8D8C7D1C7E22A100EAA9B7 /* Launch.storyboard */; };
		1EBA30051986C2720004E183 /* iTunesArtwork in Resources */ = {isa = PBXBuildFile; fileRef = 1EBA30041986C2720004E183 /* iTunesArtwork */; };
		1EE5D66418B3F4DE00A4A9DC /* CoreLocation.framework in Frameworks */ = {isa = PBXBuildFile; fileRef = 1EE5D66318B3F4DE00A4A9DC /* CoreLocation.framework */; };
		1EE5D67E18B64B6000A4A9DC /* ReverseGeocodeServiceViewController.m in Sources */ = {isa = PBXBuildFile; fileRef = 1EE5D67C18B64B6000A4A9DC /* ReverseGeocodeServiceViewController.m */; };
		210B07731E80574E008C8E3A /* ServerServicesUITests.m in Sources */ = {isa = PBXBuildFile; fileRef = 210B07721E80574E008C8E3A /* ServerServicesUITests.m */; };
		210B08DD1E8133C8008C8E3A /* credentials.json in Resources */ = {isa = PBXBuildFile; fileRef = 210B08DC1E8133C8008C8E3A /* credentials.json */; };
		33DB61222357599000DB58DD /* SafariServices.framework in Frameworks */ = {isa = PBXBuildFile; fileRef = 33DB61212357599000DB58DD /* SafariServices.framework */; };
		3B5961BE1FD83EB900095062 /* InfoPlist.strings in Resources */ = {isa = PBXBuildFile; fileRef = 3B5961B11FD83EB900095062 /* InfoPlist.strings */; };
		594D663C19F8DB3700C97B50 /* Main.storyboard in Resources */ = {isa = PBXBuildFile; fileRef = 594D663B19F8DB3700C97B50 /* Main.storyboard */; };
		594D663E19F8DB9900C97B50 /* Images.xcassets in Resources */ = {isa = PBXBuildFile; fileRef = 594D663D19F8DB9900C97B50 /* Images.xcassets */; };
		59F5C5D919D96F7F00324AEB /* GDAppDetailCell.m in Sources */ = {isa = PBXBuildFile; fileRef = 59F5C5D819D96F7F00324AEB /* GDAppDetailCell.m */; };
		61BBCD6416F8FB9100D020B9 /* UIKit.framework in Frameworks */ = {isa = PBXBuildFile; fileRef = 61BBCD6316F8FB9100D020B9 /* UIKit.framework */; };
		61BBCD6616F8FB9100D020B9 /* Foundation.framework in Frameworks */ = {isa = PBXBuildFile; fileRef = 61BBCD6516F8FB9100D020B9 /* Foundation.framework */; };
		61BBCD6816F8FB9100D020B9 /* CoreGraphics.framework in Frameworks */ = {isa = PBXBuildFile; fileRef = 61BBCD6716F8FB9100D020B9 /* CoreGraphics.framework */; };
		61BBCDDA16F90ABC00D020B9 /* CoreTelephony.framework in Frameworks */ = {isa = PBXBuildFile; fileRef = 61BBCDD916F90ABC00D020B9 /* CoreTelephony.framework */; };
		61BBCDDC16F90AC200D020B9 /* Security.framework in Frameworks */ = {isa = PBXBuildFile; fileRef = 61BBCDDB16F90AC200D020B9 /* Security.framework */; };
		61BBCDE016F90ADC00D020B9 /* CFNetwork.framework in Frameworks */ = {isa = PBXBuildFile; fileRef = 61BBCDDF16F90ADC00D020B9 /* CFNetwork.framework */; };
		61BBCDE216F90AE000D020B9 /* QuartzCore.framework in Frameworks */ = {isa = PBXBuildFile; fileRef = 61BBCDE116F90AE000D020B9 /* QuartzCore.framework */; };
		61BBCDE416F90AED00D020B9 /* SystemConfiguration.framework in Frameworks */ = {isa = PBXBuildFile; fileRef = 61BBCDE316F90AED00D020B9 /* SystemConfiguration.framework */; };
		61BBCDE616F90B1400D020B9 /* CoreData.framework in Frameworks */ = {isa = PBXBuildFile; fileRef = 61BBCDE516F90B1400D020B9 /* CoreData.framework */; };
		6D09A0D6203C895900FD33BF /* WebKit.framework in Frameworks */ = {isa = PBXBuildFile; fileRef = 6D09A0D5203C895900FD33BF /* WebKit.framework */; };
		6D1C26D028D4E88300A462D5 /* BlackBerryDynamicsAutomatedTestSupportLibrary.xcframework in Frameworks */ = {isa = PBXBuildFile; fileRef = 6D1C26CF28D4E88300A462D5 /* BlackBerryDynamicsAutomatedTestSupportLibrary.xcframework */; };
		6D1C26D128D4E88600A462D5 /* BlackBerryDynamicsAutomatedTestSupportLibrary.xcframework in CopyFiles */ = {isa = PBXBuildFile; fileRef = 6D1C26CF28D4E88300A462D5 /* BlackBerryDynamicsAutomatedTestSupportLibrary.xcframework */; settings = {ATTRIBUTES = (CodeSignOnCopy, RemoveHeadersOnCopy, ); }; };
		6D99749F28C7F11100AA0F57 /* UniformTypeIdentifiers.framework in Frameworks */ = {isa = PBXBuildFile; fileRef = 6D99749E28C7F11100AA0F57 /* UniformTypeIdentifiers.framework */; };
		6DA3C4E926F53267009BC7E4 /* CoreServices.framework in Frameworks */ = {isa = PBXBuildFile; fileRef = 6DA3C4E826F53267009BC7E4 /* CoreServices.framework */; };
		74BB18FF23F495B600B3834F /* AVFoundation.framework in Frameworks */ = {isa = PBXBuildFile; fileRef = 74BB18FE23F495B600B3834F /* AVFoundation.framework */; };
		8B2533201DD0E41E007BDE5D /* Entitlements.plist in Resources */ = {isa = PBXBuildFile; fileRef = 8B25331F1DD0E41E007BDE5D /* Entitlements.plist */; };
		927401BB2D0B18D600CBF604 /* ReadMe.md in Resources */ = {isa = PBXBuildFile; fileRef = 927401BA2D0B18D600CBF604 /* ReadMe.md */; };
		95CCA93A28F4D4B7002C13CE /* CryptoTokenKit.framework in Frameworks */ = {isa = PBXBuildFile; fileRef = 95CCA93928F4D4B7002C13CE /* CryptoTokenKit.framework */; };
		9915104321DCE5F700190D05 /* DeviceCheck.framework in Frameworks */ = {isa = PBXBuildFile; fileRef = 9915104221DCE5F700190D05 /* DeviceCheck.framework */; };
		99201D5618F8463100C9AB0C /* QuickLook.framework in Frameworks */ = {isa = PBXBuildFile; fileRef = 99201D5518F8463100C9AB0C /* QuickLook.framework */; };
		99201D5818F8467A00C9AB0C /* MessageUI.framework in Frameworks */ = {isa = PBXBuildFile; fileRef = 99201D5718F8467A00C9AB0C /* MessageUI.framework */; };
		B4CC525C17A0035800D4A856 /* AdSupport.framework in Frameworks */ = {isa = PBXBuildFile; fileRef = B4CC525B17A0035800D4A856 /* AdSupport.framework */; };
		FA7D67C1189C41DA00314FC3 /* AppDelegate.m in Sources */ = {isa = PBXBuildFile; fileRef = FA7D67BF189C41DA00314FC3 /* AppDelegate.m */; };
		FA7D67D2189C420D00314FC3 /* MasterViewController.m in Sources */ = {isa = PBXBuildFile; fileRef = FA7D67CE189C420D00314FC3 /* MasterViewController.m */; };
		FA7D681A189C423C00314FC3 /* main.m in Sources */ = {isa = PBXBuildFile; fileRef = FA7D67FC189C423C00314FC3 /* main.m */; };
		FA7D681B189C423C00314FC3 /* config.info in Resources */ = {isa = PBXBuildFile; fileRef = FA7D67FE189C423C00314FC3 /* config.info */; };
		FA7D6844189C488D00314FC3 /* TimezoneServiceInputViewController.m in Sources */ = {isa = PBXBuildFile; fileRef = FA7D6843189C488D00314FC3 /* TimezoneServiceInputViewController.m */; };
		FBA0508319F114C100F10D0C /* LocalAuthentication.framework in Frameworks */ = {isa = PBXBuildFile; fileRef = FBA0508219F114C100F10D0C /* LocalAuthentication.framework */; };
		FBA5636C1DFB0D080066828B /* ServerServiceGDiOSDelegate.m in Sources */ = {isa = PBXBuildFile; fileRef = FBA5636B1DFB0D080066828B /* ServerServiceGDiOSDelegate.m */; };
		FBD9283B1BA2F64100319DBB /* libz.tbd in Frameworks */ = {isa = PBXBuildFile; fileRef = FBD928371BA2F64100319DBB /* libz.tbd */; };
/* End PBXBuildFile section */

/* Begin PBXContainerItemProxy section */
		210B07751E80574E008C8E3A /* PBXContainerItemProxy */ = {
			isa = PBXContainerItemProxy;
			containerPortal = 61BBCD5616F8FB9100D020B9 /* Project object */;
			proxyType = 1;
			remoteGlobalIDString = 61BBCD5E16F8FB9100D020B9;
			remoteInfo = ServerServices;
		};
/* End PBXContainerItemProxy section */

/* Begin PBXCopyFilesBuildPhase section */
		3E5F894C225F8D0400BDE10E /* CopyFiles */ = {
			isa = PBXCopyFilesBuildPhase;
			buildActionMask = 2147483647;
			dstPath = "";
			dstSubfolderSpec = 10;
			files = (
				6D1C26D128D4E88600A462D5 /* BlackBerryDynamicsAutomatedTestSupportLibrary.xcframework in CopyFiles */,
			);
			runOnlyForDeploymentPostprocessing = 0;
		};
		F6969670244EFFB20005228E /* Copy Framework */ = {
			isa = PBXCopyFilesBuildPhase;
			buildActionMask = 2147483647;
			dstPath = "";
			dstSubfolderSpec = 10;
			files = (
				10E91EA024EFD5FC00FFC84A /* BlackBerryCerticomSBGSE.xcframework in Copy Framework */,
				10E91E9E24EFD5FC00FFC84A /* BlackBerryCerticom.xcframework in Copy Framework */,
				10D9ABCB24F55839006C014C /* BlackBerryDynamics.xcframework in Copy Framework */,
			);
			name = "Copy Framework";
			runOnlyForDeploymentPostprocessing = 0;
		};
/* End PBXCopyFilesBuildPhase section */

/* Begin PBXFileReference section */
		10D9ABC924F55839006C014C /* BlackBerryDynamics.xcframework */ = {isa = PBXFileReference; lastKnownFileType = wrapper.xcframework; path = BlackBerryDynamics.xcframework; sourceTree = "<group>"; };
		10E91E9924EFD5F800FFC84A /* BlackBerryCerticomSBGSE.xcframework */ = {isa = PBXFileReference; lastKnownFileType = wrapper.xcframework; path = BlackBerryCerticomSBGSE.xcframework; sourceTree = "<group>"; };
		10E91E9A24EFD5F800FFC84A /* BlackBerryCerticom.xcframework */ = {isa = PBXFileReference; lastKnownFileType = wrapper.xcframework; path = BlackBerryCerticom.xcframework; sourceTree = "<group>"; };
		1E8D8C7D1C7E22A100EAA9B7 /* Launch.storyboard */ = {isa = PBXFileReference; fileEncoding = 4; lastKnownFileType = file.storyboard; path = Launch.storyboard; sourceTree = "<group>"; };
		1EBA30041986C2720004E183 /* iTunesArtwork */ = {isa = PBXFileReference; lastKnownFileType = text; path = iTunesArtwork; sourceTree = "<group>"; };
		1EE5D66318B3F4DE00A4A9DC /* CoreLocation.framework */ = {isa = PBXFileReference; lastKnownFileType = wrapper.framework; name = CoreLocation.framework; path = System/Library/Frameworks/CoreLocation.framework; sourceTree = SDKROOT; };
		1EE5D67B18B64B6000A4A9DC /* ReverseGeocodeServiceViewController.h */ = {isa = PBXFileReference; fileEncoding = 4; lastKnownFileType = sourcecode.c.h; path = ReverseGeocodeServiceViewController.h; sourceTree = "<group>"; };
		1EE5D67C18B64B6000A4A9DC /* ReverseGeocodeServiceViewController.m */ = {isa = PBXFileReference; fileEncoding = 4; lastKnownFileType = sourcecode.c.objc; path = ReverseGeocodeServiceViewController.m; sourceTree = "<group>"; };
		210B07701E80574E008C8E3A /* ServerServicesUITests.xctest */ = {isa = PBXFileReference; explicitFileType = wrapper.cfbundle; includeInIndex = 0; path = ServerServicesUITests.xctest; sourceTree = BUILT_PRODUCTS_DIR; };
		210B07721E80574E008C8E3A /* ServerServicesUITests.m */ = {isa = PBXFileReference; lastKnownFileType = sourcecode.c.objc; path = ServerServicesUITests.m; sourceTree = "<group>"; };
		210B07741E80574E008C8E3A /* Info.plist */ = {isa = PBXFileReference; lastKnownFileType = text.plist.xml; path = Info.plist; sourceTree = "<group>"; };
		210B07A31E8058BA008C8E3A /* UIAccessibilityIdentifiers.h */ = {isa = PBXFileReference; lastKnownFileType = sourcecode.c.h; path = UIAccessibilityIdentifiers.h; sourceTree = "<group>"; };
		210B08DC1E8133C8008C8E3A /* credentials.json */ = {isa = PBXFileReference; fileEncoding = 4; lastKnownFileType = text.json; path = credentials.json; sourceTree = "<group>"; };
		33DB61212357599000DB58DD /* SafariServices.framework */ = {isa = PBXFileReference; lastKnownFileType = wrapper.framework; name = SafariServices.framework; path = System/Library/Frameworks/SafariServices.framework; sourceTree = SDKROOT; };
		3B5961B21FD83EB900095062 /* sv */ = {isa = PBXFileReference; lastKnownFileType = text.plist.strings; name = sv; path = sv.lproj/InfoPlist.strings; sourceTree = "<group>"; };
		3B5961B31FD83EB900095062 /* ko */ = {isa = PBXFileReference; lastKnownFileType = text.plist.strings; name = ko; path = ko.lproj/InfoPlist.strings; sourceTree = "<group>"; };
		3B5961B41FD83EB900095062 /* es */ = {isa = PBXFileReference; lastKnownFileType = text.plist.strings; name = es; path = es.lproj/InfoPlist.strings; sourceTree = "<group>"; };
		3B5961B51FD83EB900095062 /* nl */ = {isa = PBXFileReference; lastKnownFileType = text.plist.strings; name = nl; path = nl.lproj/InfoPlist.strings; sourceTree = "<group>"; };
		3B5961B61FD83EB900095062 /* da */ = {isa = PBXFileReference; lastKnownFileType = text.plist.strings; name = da; path = da.lproj/InfoPlist.strings; sourceTree = "<group>"; };
		3B5961B71FD83EB900095062 /* pt-PT */ = {isa = PBXFileReference; lastKnownFileType = text.plist.strings; name = "pt-PT"; path = "pt-PT.lproj/InfoPlist.strings"; sourceTree = "<group>"; };
		3B5961B81FD83EB900095062 /* fr */ = {isa = PBXFileReference; lastKnownFileType = text.plist.strings; name = fr; path = fr.lproj/InfoPlist.strings; sourceTree = "<group>"; };
		3B5961B91FD83EB900095062 /* ja */ = {isa = PBXFileReference; lastKnownFileType = text.plist.strings; name = ja; path = ja.lproj/InfoPlist.strings; sourceTree = "<group>"; };
		3B5961BA1FD83EB900095062 /* it */ = {isa = PBXFileReference; lastKnownFileType = text.plist.strings; name = it; path = it.lproj/InfoPlist.strings; sourceTree = "<group>"; };
		3B5961BB1FD83EB900095062 /* de */ = {isa = PBXFileReference; lastKnownFileType = text.plist.strings; name = de; path = de.lproj/InfoPlist.strings; sourceTree = "<group>"; };
		3B5961BC1FD83EB900095062 /* pt */ = {isa = PBXFileReference; lastKnownFileType = text.plist.strings; name = pt; path = pt.lproj/InfoPlist.strings; sourceTree = "<group>"; };
		3B5961BD1FD83EB900095062 /* zh-Hans */ = {isa = PBXFileReference; lastKnownFileType = text.plist.strings; name = "zh-Hans"; path = "zh-Hans.lproj/InfoPlist.strings"; sourceTree = "<group>"; };
		3BFC78911FE0121E00624EBE /* en */ = {isa = PBXFileReference; lastKnownFileType = text.plist.strings; name = en; path = en.lproj/InfoPlist.strings; sourceTree = "<group>"; };
		594D663B19F8DB3700C97B50 /* Main.storyboard */ = {isa = PBXFileReference; fileEncoding = 4; lastKnownFileType = file.storyboard; name = Main.storyboard; path = ServerServices/UI/Main.storyboard; sourceTree = SOURCE_ROOT; };
		594D663D19F8DB9900C97B50 /* Images.xcassets */ = {isa = PBXFileReference; lastKnownFileType = folder.assetcatalog; path = Images.xcassets; sourceTree = "<group>"; };
		59F5C5D719D96F7F00324AEB /* GDAppDetailCell.h */ = {isa = PBXFileReference; fileEncoding = 4; lastKnownFileType = sourcecode.c.h; name = GDAppDetailCell.h; path = ServerServices/UI/GDAppDetailCell.h; sourceTree = SOURCE_ROOT; };
		59F5C5D819D96F7F00324AEB /* GDAppDetailCell.m */ = {isa = PBXFileReference; fileEncoding = 4; lastKnownFileType = sourcecode.c.objc; name = GDAppDetailCell.m; path = ServerServices/UI/GDAppDetailCell.m; sourceTree = SOURCE_ROOT; };
		61BBCD5F16F8FB9100D020B9 /* ServerServices.app */ = {isa = PBXFileReference; explicitFileType = wrapper.application; includeInIndex = 0; path = ServerServices.app; sourceTree = BUILT_PRODUCTS_DIR; };
		61BBCD6316F8FB9100D020B9 /* UIKit.framework */ = {isa = PBXFileReference; lastKnownFileType = wrapper.framework; name = UIKit.framework; path = System/Library/Frameworks/UIKit.framework; sourceTree = SDKROOT; };
		61BBCD6516F8FB9100D020B9 /* Foundation.framework */ = {isa = PBXFileReference; lastKnownFileType = wrapper.framework; name = Foundation.framework; path = System/Library/Frameworks/Foundation.framework; sourceTree = SDKROOT; };
		61BBCD6716F8FB9100D020B9 /* CoreGraphics.framework */ = {isa = PBXFileReference; lastKnownFileType = wrapper.framework; name = CoreGraphics.framework; path = System/Library/Frameworks/CoreGraphics.framework; sourceTree = SDKROOT; };
		61BBCDD916F90ABC00D020B9 /* CoreTelephony.framework */ = {isa = PBXFileReference; lastKnownFileType = wrapper.framework; name = CoreTelephony.framework; path = System/Library/Frameworks/CoreTelephony.framework; sourceTree = SDKROOT; };
		61BBCDDB16F90AC200D020B9 /* Security.framework */ = {isa = PBXFileReference; lastKnownFileType = wrapper.framework; name = Security.framework; path = System/Library/Frameworks/Security.framework; sourceTree = SDKROOT; };
		61BBCDDF16F90ADC00D020B9 /* CFNetwork.framework */ = {isa = PBXFileReference; lastKnownFileType = wrapper.framework; name = CFNetwork.framework; path = System/Library/Frameworks/CFNetwork.framework; sourceTree = SDKROOT; };
		61BBCDE116F90AE000D020B9 /* QuartzCore.framework */ = {isa = PBXFileReference; lastKnownFileType = wrapper.framework; name = QuartzCore.framework; path = System/Library/Frameworks/QuartzCore.framework; sourceTree = SDKROOT; };
		61BBCDE316F90AED00D020B9 /* SystemConfiguration.framework */ = {isa = PBXFileReference; lastKnownFileType = wrapper.framework; name = SystemConfiguration.framework; path = System/Library/Frameworks/SystemConfiguration.framework; sourceTree = SDKROOT; };
		61BBCDE516F90B1400D020B9 /* CoreData.framework */ = {isa = PBXFileReference; lastKnownFileType = wrapper.framework; name = CoreData.framework; path = System/Library/Frameworks/CoreData.framework; sourceTree = SDKROOT; };
		6D09A0D5203C895900FD33BF /* WebKit.framework */ = {isa = PBXFileReference; lastKnownFileType = wrapper.framework; name = WebKit.framework; path = System/Library/Frameworks/WebKit.framework; sourceTree = SDKROOT; };
		6D1C26CF28D4E88300A462D5 /* BlackBerryDynamicsAutomatedTestSupportLibrary.xcframework */ = {isa = PBXFileReference; lastKnownFileType = wrapper.xcframework; path = BlackBerryDynamicsAutomatedTestSupportLibrary.xcframework; sourceTree = "<group>"; };
		6D99749E28C7F11100AA0F57 /* UniformTypeIdentifiers.framework */ = {isa = PBXFileReference; lastKnownFileType = wrapper.framework; name = UniformTypeIdentifiers.framework; path = System/Library/Frameworks/UniformTypeIdentifiers.framework; sourceTree = SDKROOT; };
		6DA3C4E826F53267009BC7E4 /* CoreServices.framework */ = {isa = PBXFileReference; lastKnownFileType = wrapper.framework; name = CoreServices.framework; path = System/Library/Frameworks/CoreServices.framework; sourceTree = SDKROOT; };
		74BB18FE23F495B600B3834F /* AVFoundation.framework */ = {isa = PBXFileReference; lastKnownFileType = wrapper.framework; name = AVFoundation.framework; path = System/Library/Frameworks/AVFoundation.framework; sourceTree = SDKROOT; };
		8B25331F1DD0E41E007BDE5D /* Entitlements.plist */ = {isa = PBXFileReference; fileEncoding = 4; lastKnownFileType = text.plist.xml; path = Entitlements.plist; sourceTree = "<group>"; };
		927401BA2D0B18D600CBF604 /* ReadMe.md */ = {isa = PBXFileReference; lastKnownFileType = net.daringfireball.markdown; path = ReadMe.md; sourceTree = "<group>"; };
		95CCA91C28F4D25B002C13CE /* ServerServices.entitlements */ = {isa = PBXFileReference; lastKnownFileType = text.plist.entitlements; path = ServerServices.entitlements; sourceTree = "<group>"; };
		95CCA93928F4D4B7002C13CE /* CryptoTokenKit.framework */ = {isa = PBXFileReference; lastKnownFileType = wrapper.framework; name = CryptoTokenKit.framework; path = System/Library/Frameworks/CryptoTokenKit.framework; sourceTree = SDKROOT; };
		96C720321E88694600B4FB36 /* UIAccessibilityIdentifiers.h */ = {isa = PBXFileReference; lastKnownFileType = sourcecode.c.h; name = UIAccessibilityIdentifiers.h; path = ServerServicesUITests/UIAccessibilityIdentifiers.h; sourceTree = SOURCE_ROOT; };
		9915104221DCE5F700190D05 /* DeviceCheck.framework */ = {isa = PBXFileReference; lastKnownFileType = wrapper.framework; name = DeviceCheck.framework; path = System/Library/Frameworks/DeviceCheck.framework; sourceTree = SDKROOT; };
		99201D5318F845F500C9AB0C /* MobileCoreServices.framework */ = {isa = PBXFileReference; lastKnownFileType = wrapper.framework; name = MobileCoreServices.framework; path = System/Library/Frameworks/MobileCoreServices.framework; sourceTree = SDKROOT; };
		99201D5518F8463100C9AB0C /* QuickLook.framework */ = {isa = PBXFileReference; lastKnownFileType = wrapper.framework; name = QuickLook.framework; path = System/Library/Frameworks/QuickLook.framework; sourceTree = SDKROOT; };
		99201D5718F8467A00C9AB0C /* MessageUI.framework */ = {isa = PBXFileReference; lastKnownFileType = wrapper.framework; name = MessageUI.framework; path = System/Library/Frameworks/MessageUI.framework; sourceTree = SDKROOT; };
		B4489E7018EC3B66000B2B79 /* default.xcconfig */ = {isa = PBXFileReference; lastKnownFileType = text.xcconfig; path = default.xcconfig; sourceTree = "<group>"; };
		B4CC525B17A0035800D4A856 /* AdSupport.framework */ = {isa = PBXFileReference; lastKnownFileType = wrapper.framework; name = AdSupport.framework; path = System/Library/Frameworks/AdSupport.framework; sourceTree = SDKROOT; };
		FA7D67BE189C41DA00314FC3 /* AppDelegate.h */ = {isa = PBXFileReference; fileEncoding = 4; lastKnownFileType = sourcecode.c.h; name = AppDelegate.h; path = ServerServices/AppDelegate.h; sourceTree = SOURCE_ROOT; };
		FA7D67BF189C41DA00314FC3 /* AppDelegate.m */ = {isa = PBXFileReference; fileEncoding = 4; lastKnownFileType = sourcecode.c.objc; name = AppDelegate.m; path = ServerServices/AppDelegate.m; sourceTree = SOURCE_ROOT; };
		FA7D67CD189C420D00314FC3 /* MasterViewController.h */ = {isa = PBXFileReference; fileEncoding = 4; lastKnownFileType = sourcecode.c.h; name = MasterViewController.h; path = "ServerServices/View Controllers/MasterViewController.h"; sourceTree = SOURCE_ROOT; };
		FA7D67CE189C420D00314FC3 /* MasterViewController.m */ = {isa = PBXFileReference; fileEncoding = 4; lastKnownFileType = sourcecode.c.objc; name = MasterViewController.m; path = "ServerServices/View Controllers/MasterViewController.m"; sourceTree = SOURCE_ROOT; };
		FA7D67E1189C423C00314FC3 /* constants.h */ = {isa = PBXFileReference; fileEncoding = 4; lastKnownFileType = sourcecode.c.h; name = constants.h; path = "ServerServices/Supporting Files/constants.h"; sourceTree = SOURCE_ROOT; };
		FA7D67FC189C423C00314FC3 /* main.m */ = {isa = PBXFileReference; fileEncoding = 4; lastKnownFileType = sourcecode.c.objc; name = main.m; path = "ServerServices/Supporting Files/main.m"; sourceTree = SOURCE_ROOT; };
		FA7D67FE189C423C00314FC3 /* config.info */ = {isa = PBXFileReference; fileEncoding = 4; lastKnownFileType = text; path = config.info; sourceTree = "<group>"; };
		FA7D6800189C423C00314FC3 /* ServerServices-Prefix.pch */ = {isa = PBXFileReference; fileEncoding = 4; lastKnownFileType = sourcecode.c.h; name = "ServerServices-Prefix.pch"; path = "ServerServices/Supporting Files/ServerServices-Prefix.pch"; sourceTree = SOURCE_ROOT; };
		FA7D6842189C488D00314FC3 /* TimezoneServiceInputViewController.h */ = {isa = PBXFileReference; fileEncoding = 4; lastKnownFileType = sourcecode.c.h; path = TimezoneServiceInputViewController.h; sourceTree = "<group>"; };
		FA7D6843189C488D00314FC3 /* TimezoneServiceInputViewController.m */ = {isa = PBXFileReference; fileEncoding = 4; lastKnownFileType = sourcecode.c.objc; path = TimezoneServiceInputViewController.m; sourceTree = "<group>"; };
		FB9F3B9D1E0416090013E906 /* Info.plist */ = {isa = PBXFileReference; fileEncoding = 4; lastKnownFileType = text.plist.xml; path = Info.plist; sourceTree = "<group>"; };
		FBA0508219F114C100F10D0C /* LocalAuthentication.framework */ = {isa = PBXFileReference; lastKnownFileType = wrapper.framework; name = LocalAuthentication.framework; path = System/Library/Frameworks/LocalAuthentication.framework; sourceTree = SDKROOT; };
		FBA5636A1DFB0D080066828B /* ServerServiceGDiOSDelegate.h */ = {isa = PBXFileReference; fileEncoding = 4; lastKnownFileType = sourcecode.c.h; path = ServerServiceGDiOSDelegate.h; sourceTree = "<group>"; };
		FBA5636B1DFB0D080066828B /* ServerServiceGDiOSDelegate.m */ = {isa = PBXFileReference; fileEncoding = 4; lastKnownFileType = sourcecode.c.objc; path = ServerServiceGDiOSDelegate.m; sourceTree = "<group>"; };
		FBD928371BA2F64100319DBB /* libz.tbd */ = {isa = PBXFileReference; fileEncoding = 4; lastKnownFileType = "sourcecode.text-based-dylib-definition"; name = libz.tbd; path = usr/lib/libz.tbd; sourceTree = SDKROOT; };
/* End PBXFileReference section */

/* Begin PBXFrameworksBuildPhase section */
		210B076D1E80574E008C8E3A /* Frameworks */ = {
			isa = PBXFrameworksBuildPhase;
			buildActionMask = 2147483647;
			files = (
				6D1C26D028D4E88300A462D5 /* BlackBerryDynamicsAutomatedTestSupportLibrary.xcframework in Frameworks */,
			);
			runOnlyForDeploymentPostprocessing = 0;
		};
		61BBCD5C16F8FB9100D020B9 /* Frameworks */ = {
			isa = PBXFrameworksBuildPhase;
			buildActionMask = 2147483647;
			files = (
				95CCA93A28F4D4B7002C13CE /* CryptoTokenKit.framework in Frameworks */,
				6D99749F28C7F11100AA0F57 /* UniformTypeIdentifiers.framework in Frameworks */,
				6DA3C4E926F53267009BC7E4 /* CoreServices.framework in Frameworks */,
				74BB18FF23F495B600B3834F /* AVFoundation.framework in Frameworks */,
				9915104321DCE5F700190D05 /* DeviceCheck.framework in Frameworks */,
				6D09A0D6203C895900FD33BF /* WebKit.framework in Frameworks */,
				FBA0508319F114C100F10D0C /* LocalAuthentication.framework in Frameworks */,
				99201D5818F8467A00C9AB0C /* MessageUI.framework in Frameworks */,
				99201D5618F8463100C9AB0C /* QuickLook.framework in Frameworks */,
				1EE5D66418B3F4DE00A4A9DC /* CoreLocation.framework in Frameworks */,
				B4CC525C17A0035800D4A856 /* AdSupport.framework in Frameworks */,
				FBD9283B1BA2F64100319DBB /* libz.tbd in Frameworks */,
				61BBCDE616F90B1400D020B9 /* CoreData.framework in Frameworks */,
				61BBCDE416F90AED00D020B9 /* SystemConfiguration.framework in Frameworks */,
				61BBCDE216F90AE000D020B9 /* QuartzCore.framework in Frameworks */,
				10E91E9F24EFD5FC00FFC84A /* BlackBerryCerticomSBGSE.xcframework in Frameworks */,
				61BBCDE016F90ADC00D020B9 /* CFNetwork.framework in Frameworks */,
				33DB61222357599000DB58DD /* SafariServices.framework in Frameworks */,
				61BBCDDC16F90AC200D020B9 /* Security.framework in Frameworks */,
				10D9ABCA24F55839006C014C /* BlackBerryDynamics.xcframework in Frameworks */,
				61BBCDDA16F90ABC00D020B9 /* CoreTelephony.framework in Frameworks */,
				10E91E9D24EFD5FC00FFC84A /* BlackBerryCerticom.xcframework in Frameworks */,
				61BBCD6416F8FB9100D020B9 /* UIKit.framework in Frameworks */,
				61BBCD6616F8FB9100D020B9 /* Foundation.framework in Frameworks */,
				61BBCD6816F8FB9100D020B9 /* CoreGraphics.framework in Frameworks */,
			);
			runOnlyForDeploymentPostprocessing = 0;
		};
/* End PBXFrameworksBuildPhase section */

/* Begin PBXGroup section */
		210B07711E80574E008C8E3A /* ServerServicesUITests */ = {
			isa = PBXGroup;
			children = (
				210B07721E80574E008C8E3A /* ServerServicesUITests.m */,
				210B07A31E8058BA008C8E3A /* UIAccessibilityIdentifiers.h */,
				210B08DC1E8133C8008C8E3A /* credentials.json */,
				210B07741E80574E008C8E3A /* Info.plist */,
			);
			path = ServerServicesUITests;
			sourceTree = "<group>";
		};
		59F5C5B019D96C7000324AEB /* UI */ = {
			isa = PBXGroup;
			children = (
				1E8D8C7D1C7E22A100EAA9B7 /* Launch.storyboard */,
				594D663B19F8DB3700C97B50 /* Main.storyboard */,
				59F5C5D719D96F7F00324AEB /* GDAppDetailCell.h */,
				59F5C5D819D96F7F00324AEB /* GDAppDetailCell.m */,
				96C720321E88694600B4FB36 /* UIAccessibilityIdentifiers.h */,
			);
			name = UI;
			path = "View Controllers";
			sourceTree = "<group>";
		};
		61BBCD5416F8FB9100D020B9 = {
			isa = PBXGroup;
			children = (
				927401BA2D0B18D600CBF604 /* ReadMe.md */,
				61BBCD6916F8FB9100D020B9 /* ServerServices */,
				210B07711E80574E008C8E3A /* ServerServicesUITests */,
				61BBCD6216F8FB9100D020B9 /* Frameworks */,
				61BBCD6016F8FB9100D020B9 /* Products */,
			);
			sourceTree = "<group>";
		};
		61BBCD6016F8FB9100D020B9 /* Products */ = {
			isa = PBXGroup;
			children = (
				61BBCD5F16F8FB9100D020B9 /* ServerServices.app */,
				210B07701E80574E008C8E3A /* ServerServicesUITests.xctest */,
			);
			name = Products;
			sourceTree = "<group>";
		};
		61BBCD6216F8FB9100D020B9 /* Frameworks */ = {
			isa = PBXGroup;
			children = (
				95CCA93928F4D4B7002C13CE /* CryptoTokenKit.framework */,
				6D1C26CF28D4E88300A462D5 /* BlackBerryDynamicsAutomatedTestSupportLibrary.xcframework */,
				6D99749E28C7F11100AA0F57 /* UniformTypeIdentifiers.framework */,
				6DA3C4E826F53267009BC7E4 /* CoreServices.framework */,
				10D9ABC924F55839006C014C /* BlackBerryDynamics.xcframework */,
				10E91E9A24EFD5F800FFC84A /* BlackBerryCerticom.xcframework */,
				10E91E9924EFD5F800FFC84A /* BlackBerryCerticomSBGSE.xcframework */,
				74BB18FE23F495B600B3834F /* AVFoundation.framework */,
				33DB61212357599000DB58DD /* SafariServices.framework */,
				9915104221DCE5F700190D05 /* DeviceCheck.framework */,
				6D09A0D5203C895900FD33BF /* WebKit.framework */,
				FBD928371BA2F64100319DBB /* libz.tbd */,
				FBA0508219F114C100F10D0C /* LocalAuthentication.framework */,
				99201D5718F8467A00C9AB0C /* MessageUI.framework */,
				99201D5518F8463100C9AB0C /* QuickLook.framework */,
				99201D5318F845F500C9AB0C /* MobileCoreServices.framework */,
				1EE5D66318B3F4DE00A4A9DC /* CoreLocation.framework */,
				B4CC525B17A0035800D4A856 /* AdSupport.framework */,
				61BBCDE316F90AED00D020B9 /* SystemConfiguration.framework */,
				61BBCDE116F90AE000D020B9 /* QuartzCore.framework */,
				61BBCDDF16F90ADC00D020B9 /* CFNetwork.framework */,
				61BBCDDB16F90AC200D020B9 /* Security.framework */,
				61BBCDD916F90ABC00D020B9 /* CoreTelephony.framework */,
				61BBCDE516F90B1400D020B9 /* CoreData.framework */,
				61BBCD6316F8FB9100D020B9 /* UIKit.framework */,
				61BBCD6516F8FB9100D020B9 /* Foundation.framework */,
				61BBCD6716F8FB9100D020B9 /* CoreGraphics.framework */,
			);
			name = Frameworks;
			sourceTree = "<group>";
		};
		61BBCD6916F8FB9100D020B9 /* ServerServices */ = {
			isa = PBXGroup;
			children = (
				95CCA91C28F4D25B002C13CE /* ServerServices.entitlements */,
				61BBCDBC16F9044100D020B9 /* View Controllers */,
				59F5C5B019D96C7000324AEB /* UI */,
				61BBCD9516F9033100D020B9 /* Supporting Files */,
				FBA5636A1DFB0D080066828B /* ServerServiceGDiOSDelegate.h */,
				FBA5636B1DFB0D080066828B /* ServerServiceGDiOSDelegate.m */,
				FA7D67BE189C41DA00314FC3 /* AppDelegate.h */,
				FA7D67BF189C41DA00314FC3 /* AppDelegate.m */,
				B4489E7018EC3B66000B2B79 /* default.xcconfig */,
				594D663D19F8DB9900C97B50 /* Images.xcassets */,
			);
			path = ServerServices;
			sourceTree = "<group>";
		};
		61BBCD9516F9033100D020B9 /* Supporting Files */ = {
			isa = PBXGroup;
			children = (
				FA7D67FD189C423C00314FC3 /* Resources */,
				FA7D67E1189C423C00314FC3 /* constants.h */,
				FA7D67FC189C423C00314FC3 /* main.m */,
				FB9F3B9D1E0416090013E906 /* Info.plist */,
				3B5961B11FD83EB900095062 /* InfoPlist.strings */,
				FA7D6800189C423C00314FC3 /* ServerServices-Prefix.pch */,
				8B25331F1DD0E41E007BDE5D /* Entitlements.plist */,
			);
			path = "Supporting Files";
			sourceTree = "<group>";
		};
		61BBCDBC16F9044100D020B9 /* View Controllers */ = {
			isa = PBXGroup;
			children = (
				FA7D67CD189C420D00314FC3 /* MasterViewController.h */,
				FA7D67CE189C420D00314FC3 /* MasterViewController.m */,
				FA7D6842189C488D00314FC3 /* TimezoneServiceInputViewController.h */,
				FA7D6843189C488D00314FC3 /* TimezoneServiceInputViewController.m */,
				1EE5D67B18B64B6000A4A9DC /* ReverseGeocodeServiceViewController.h */,
				1EE5D67C18B64B6000A4A9DC /* ReverseGeocodeServiceViewController.m */,
			);
			path = "View Controllers";
			sourceTree = "<group>";
		};
		FA7D67FD189C423C00314FC3 /* Resources */ = {
			isa = PBXGroup;
			children = (
				1EBA30041986C2720004E183 /* iTunesArtwork */,
				FA7D67FE189C423C00314FC3 /* config.info */,
			);
			name = Resources;
			path = "ServerServices/Supporting Files/Resources";
			sourceTree = SOURCE_ROOT;
		};
/* End PBXGroup section */

/* Begin PBXNativeTarget section */
		210B076F1E80574E008C8E3A /* ServerServicesUITests */ = {
			isa = PBXNativeTarget;
			buildConfigurationList = 210B07791E805751008C8E3A /* Build configuration list for PBXNativeTarget "ServerServicesUITests" */;
			buildPhases = (
				210B076C1E80574E008C8E3A /* Sources */,
				210B076D1E80574E008C8E3A /* Frameworks */,
				210B076E1E80574E008C8E3A /* Resources */,
				3E5F894C225F8D0400BDE10E /* CopyFiles */,
			);
			buildRules = (
			);
			dependencies = (
				210B07761E80574E008C8E3A /* PBXTargetDependency */,
			);
			name = ServerServicesUITests;
			productName = ServerServicesUITests;
			productReference = 210B07701E80574E008C8E3A /* ServerServicesUITests.xctest */;
			productType = "com.apple.product-type.bundle.ui-testing";
		};
		61BBCD5E16F8FB9100D020B9 /* ServerServices */ = {
			isa = PBXNativeTarget;
			buildConfigurationList = 61BBCD8F16F8FB9100D020B9 /* Build configuration list for PBXNativeTarget "ServerServices" */;
			buildPhases = (
				61BBCD5B16F8FB9100D020B9 /* Sources */,
				61BBCD5C16F8FB9100D020B9 /* Frameworks */,
				61BBCD5D16F8FB9100D020B9 /* Resources */,
				F6969670244EFFB20005228E /* Copy Framework */,
			);
			buildRules = (
			);
			dependencies = (
			);
			name = ServerServices;
			productName = ServerServices;
			productReference = 61BBCD5F16F8FB9100D020B9 /* ServerServices.app */;
			productType = "com.apple.product-type.application";
		};
/* End PBXNativeTarget section */

/* Begin PBXProject section */
		61BBCD5616F8FB9100D020B9 /* Project object */ = {
			isa = PBXProject;
			attributes = {
				LastUpgradeCheck = 1110;
				ORGANIZATIONNAME = BlackBerry;
				TargetAttributes = {
					210B076F1E80574E008C8E3A = {
						CreatedOnToolsVersion = 8.2.1;
						ProvisioningStyle = Automatic;
						TestTargetID = 61BBCD5E16F8FB9100D020B9;
					};
				};
			};
			buildConfigurationList = 61BBCD5916F8FB9100D020B9 /* Build configuration list for PBXProject "ServerServices" */;
			compatibilityVersion = "Xcode 3.2";
			developmentRegion = en;
			hasScannedForEncodings = 0;
			knownRegions = (
				en,
				sv,
				ko,
				es,
				nl,
				da,
				"pt-PT",
				fr,
				ja,
				it,
				de,
				pt,
				"zh-Hans",
				Base,
			);
			mainGroup = 61BBCD5416F8FB9100D020B9;
			productRefGroup = 61BBCD6016F8FB9100D020B9 /* Products */;
			projectDirPath = "";
			projectRoot = "";
			targets = (
				61BBCD5E16F8FB9100D020B9 /* ServerServices */,
				210B076F1E80574E008C8E3A /* ServerServicesUITests */,
			);
		};
/* End PBXProject section */

/* Begin PBXResourcesBuildPhase section */
		210B076E1E80574E008C8E3A /* Resources */ = {
			isa = PBXResourcesBuildPhase;
			buildActionMask = 2147483647;
			files = (
				210B08DD1E8133C8008C8E3A /* credentials.json in Resources */,
			);
			runOnlyForDeploymentPostprocessing = 0;
		};
		61BBCD5D16F8FB9100D020B9 /* Resources */ = {
			isa = PBXResourcesBuildPhase;
			buildActionMask = 2147483647;
			files = (
				8B2533201DD0E41E007BDE5D /* Entitlements.plist in Resources */,
				3B5961BE1FD83EB900095062 /* InfoPlist.strings in Resources */,
				FA7D681B189C423C00314FC3 /* config.info in Resources */,
				594D663E19F8DB9900C97B50 /* Images.xcassets in Resources */,
				1E8D8C7E1C7E22A100EAA9B7 /* Launch.storyboard in Resources */,
				594D663C19F8DB3700C97B50 /* Main.storyboard in Resources */,
				927401BB2D0B18D600CBF604 /* ReadMe.md in Resources */,
				1EBA30051986C2720004E183 /* iTunesArtwork in Resources */,
			);
			runOnlyForDeploymentPostprocessing = 0;
		};
/* End PBXResourcesBuildPhase section */

/* Begin PBXSourcesBuildPhase section */
		210B076C1E80574E008C8E3A /* Sources */ = {
			isa = PBXSourcesBuildPhase;
			buildActionMask = 2147483647;
			files = (
				210B07731E80574E008C8E3A /* ServerServicesUITests.m in Sources */,
			);
			runOnlyForDeploymentPostprocessing = 0;
		};
		61BBCD5B16F8FB9100D020B9 /* Sources */ = {
			isa = PBXSourcesBuildPhase;
			buildActionMask = 2147483647;
			files = (
				1EE5D67E18B64B6000A4A9DC /* ReverseGeocodeServiceViewController.m in Sources */,
				59F5C5D919D96F7F00324AEB /* GDAppDetailCell.m in Sources */,
				FA7D67C1189C41DA00314FC3 /* AppDelegate.m in Sources */,
				FA7D67D2189C420D00314FC3 /* MasterViewController.m in Sources */,
				FA7D6844189C488D00314FC3 /* TimezoneServiceInputViewController.m in Sources */,
				FBA5636C1DFB0D080066828B /* ServerServiceGDiOSDelegate.m in Sources */,
				FA7D681A189C423C00314FC3 /* main.m in Sources */,
			);
			runOnlyForDeploymentPostprocessing = 0;
		};
/* End PBXSourcesBuildPhase section */

/* Begin PBXTargetDependency section */
		210B07761E80574E008C8E3A /* PBXTargetDependency */ = {
			isa = PBXTargetDependency;
			target = 61BBCD5E16F8FB9100D020B9 /* ServerServices */;
			targetProxy = 210B07751E80574E008C8E3A /* PBXContainerItemProxy */;
		};
/* End PBXTargetDependency section */

/* Begin PBXVariantGroup section */
		3B5961B11FD83EB900095062 /* InfoPlist.strings */ = {
			isa = PBXVariantGroup;
			children = (
				3B5961B21FD83EB900095062 /* sv */,
				3B5961B31FD83EB900095062 /* ko */,
				3B5961B41FD83EB900095062 /* es */,
				3B5961B51FD83EB900095062 /* nl */,
				3B5961B61FD83EB900095062 /* da */,
				3B5961B71FD83EB900095062 /* pt-PT */,
				3B5961B81FD83EB900095062 /* fr */,
				3B5961B91FD83EB900095062 /* ja */,
				3B5961BA1FD83EB900095062 /* it */,
				3B5961BB1FD83EB900095062 /* de */,
				3B5961BC1FD83EB900095062 /* pt */,
				3B5961BD1FD83EB900095062 /* zh-Hans */,
				3BFC78911FE0121E00624EBE /* en */,
			);
			name = InfoPlist.strings;
			sourceTree = "<group>";
		};
/* End PBXVariantGroup section */

/* Begin XCBuildConfiguration section */
		210B07771E80574E008C8E3A /* Debug */ = {
			isa = XCBuildConfiguration;
			buildSettings = {
				ALWAYS_SEARCH_USER_PATHS = NO;
				CLANG_ANALYZER_NONNULL = YES;
				CLANG_CXX_LANGUAGE_STANDARD = "gnu++0x";
				CLANG_CXX_LIBRARY = "libc++";
				CLANG_ENABLE_MODULES = YES;
				CLANG_WARN_BOOL_CONVERSION = YES;
				CLANG_WARN_CONSTANT_CONVERSION = YES;
				CLANG_WARN_DIRECT_OBJC_ISA_USAGE = YES_ERROR;
				CLANG_WARN_DOCUMENTATION_COMMENTS = YES;
				CLANG_WARN_ENUM_CONVERSION = YES;
				CLANG_WARN_INFINITE_RECURSION = YES;
				CLANG_WARN_INT_CONVERSION = YES;
				CLANG_WARN_OBJC_ROOT_CLASS = YES_ERROR;
				CLANG_WARN_QUOTED_INCLUDE_IN_FRAMEWORK_HEADER = YES;
				CLANG_WARN_SUSPICIOUS_MOVE = YES;
				CLANG_WARN_UNREACHABLE_CODE = YES;
				DEBUG_INFORMATION_FORMAT = dwarf;
				ENABLE_STRICT_OBJC_MSGSEND = YES;
				FRAMEWORK_SEARCH_PATHS = (
					"$(inherited)",
					"$(PROJECT_DIR)",
				);
				GCC_C_LANGUAGE_STANDARD = gnu99;
				GCC_NO_COMMON_BLOCKS = YES;
				GCC_WARN_64_TO_32_BIT_CONVERSION = YES;
				GCC_WARN_ABOUT_RETURN_TYPE = YES_ERROR;
				GCC_WARN_UNDECLARED_SELECTOR = YES;
				GCC_WARN_UNINITIALIZED_AUTOS = YES_AGGRESSIVE;
				GCC_WARN_UNUSED_FUNCTION = YES;
				HEADER_SEARCH_PATHS = "";
				INFOPLIST_FILE = ServerServicesUITests/Info.plist;
				IPHONEOS_DEPLOYMENT_TARGET = 16.0;
				LD_RUNPATH_SEARCH_PATHS = (
					"$(inherited)",
					"@executable_path/Frameworks",
					"@loader_path/Frameworks",
				);
				MTL_ENABLE_DEBUG_INFO = YES;
				PRODUCT_BUNDLE_IDENTIFIER = com.good.gd.example.ServerServicesUITests;
				PRODUCT_NAME = "$(TARGET_NAME)";
				TEST_TARGET_NAME = ServerServices;
				VALIDATE_WORKSPACE = YES;
			};
			name = Debug;
		};
		210B07781E80574E008C8E3A /* Release */ = {
			isa = XCBuildConfiguration;
			buildSettings = {
				ALWAYS_SEARCH_USER_PATHS = NO;
				CLANG_ANALYZER_NONNULL = YES;
				CLANG_CXX_LANGUAGE_STANDARD = "gnu++0x";
				CLANG_CXX_LIBRARY = "libc++";
				CLANG_ENABLE_MODULES = YES;
				CLANG_WARN_BOOL_CONVERSION = YES;
				CLANG_WARN_CONSTANT_CONVERSION = YES;
				CLANG_WARN_DIRECT_OBJC_ISA_USAGE = YES_ERROR;
				CLANG_WARN_DOCUMENTATION_COMMENTS = YES;
				CLANG_WARN_ENUM_CONVERSION = YES;
				CLANG_WARN_INFINITE_RECURSION = YES;
				CLANG_WARN_INT_CONVERSION = YES;
				CLANG_WARN_OBJC_ROOT_CLASS = YES_ERROR;
				CLANG_WARN_QUOTED_INCLUDE_IN_FRAMEWORK_HEADER = YES;
				CLANG_WARN_SUSPICIOUS_MOVE = YES;
				CLANG_WARN_UNREACHABLE_CODE = YES;
				"CODE_SIGN_IDENTITY[sdk=macosx*]" = "-";
				COPY_PHASE_STRIP = NO;
				DEBUG_INFORMATION_FORMAT = "dwarf-with-dsym";
				ENABLE_NS_ASSERTIONS = NO;
				ENABLE_STRICT_OBJC_MSGSEND = YES;
				FRAMEWORK_SEARCH_PATHS = (
					"$(inherited)",
					"$(PROJECT_DIR)",
				);
				GCC_C_LANGUAGE_STANDARD = gnu99;
				GCC_NO_COMMON_BLOCKS = YES;
				GCC_WARN_64_TO_32_BIT_CONVERSION = YES;
				GCC_WARN_ABOUT_RETURN_TYPE = YES_ERROR;
				GCC_WARN_UNDECLARED_SELECTOR = YES;
				GCC_WARN_UNINITIALIZED_AUTOS = YES_AGGRESSIVE;
				GCC_WARN_UNUSED_FUNCTION = YES;
				HEADER_SEARCH_PATHS = "";
				INFOPLIST_FILE = ServerServicesUITests/Info.plist;
				IPHONEOS_DEPLOYMENT_TARGET = 16.0;
				LD_RUNPATH_SEARCH_PATHS = (
					"$(inherited)",
					"@executable_path/Frameworks",
					"@loader_path/Frameworks",
				);
				MTL_ENABLE_DEBUG_INFO = NO;
				PRODUCT_BUNDLE_IDENTIFIER = com.good.gd.example.ServerServicesUITests;
				PRODUCT_NAME = "$(TARGET_NAME)";
				PROVISIONING_PROFILE = "";
				TEST_TARGET_NAME = ServerServices;
				VALIDATE_WORKSPACE = YES;
			};
			name = Release;
		};
		61BBCD8D16F8FB9100D020B9 /* Debug */ = {
			isa = XCBuildConfiguration;
			buildSettings = {
				ALWAYS_SEARCH_USER_PATHS = YES;
				CLANG_ANALYZER_LOCALIZABILITY_NONLOCALIZED = YES;
				CLANG_CXX_LANGUAGE_STANDARD = "compiler-default";
				CLANG_CXX_LIBRARY = "compiler-default";
				CLANG_ENABLE_OBJC_ARC = YES;
				CLANG_WARN_BLOCK_CAPTURE_AUTORELEASING = YES;
				CLANG_WARN_BOOL_CONVERSION = YES;
				CLANG_WARN_COMMA = YES;
				CLANG_WARN_CONSTANT_CONVERSION = YES;
				CLANG_WARN_DEPRECATED_OBJC_IMPLEMENTATIONS = YES;
				CLANG_WARN_EMPTY_BODY = YES;
				CLANG_WARN_ENUM_CONVERSION = YES;
				CLANG_WARN_INFINITE_RECURSION = YES;
				CLANG_WARN_INT_CONVERSION = YES;
				CLANG_WARN_NON_LITERAL_NULL_CONVERSION = YES;
				CLANG_WARN_OBJC_IMPLICIT_RETAIN_SELF = YES;
				CLANG_WARN_OBJC_LITERAL_CONVERSION = YES;
				CLANG_WARN_QUOTED_INCLUDE_IN_FRAMEWORK_HEADER = YES;
				CLANG_WARN_RANGE_LOOP_ANALYSIS = YES;
				CLANG_WARN_STRICT_PROTOTYPES = YES;
				CLANG_WARN_SUSPICIOUS_MOVE = YES;
				CLANG_WARN_UNREACHABLE_CODE = YES;
				CLANG_WARN__DUPLICATE_METHOD_MATCH = YES;
				"CODE_SIGN_IDENTITY[sdk=macosx*]" = "-";
				COPY_PHASE_STRIP = NO;
				ENABLE_STRICT_OBJC_MSGSEND = YES;
				ENABLE_TESTABILITY = YES;
				GCC_C_LANGUAGE_STANDARD = "compiler-default";
				GCC_DYNAMIC_NO_PIC = NO;
				GCC_NO_COMMON_BLOCKS = YES;
				GCC_OPTIMIZATION_LEVEL = 0;
				GCC_PREPROCESSOR_DEFINITIONS = (
					"DEBUG=1",
					"$(inherited)",
				);
				GCC_SYMBOLS_PRIVATE_EXTERN = NO;
				GCC_WARN_64_TO_32_BIT_CONVERSION = YES;
				GCC_WARN_ABOUT_RETURN_TYPE = YES;
				GCC_WARN_UNDECLARED_SELECTOR = YES;
				GCC_WARN_UNINITIALIZED_AUTOS = YES;
				GCC_WARN_UNUSED_FUNCTION = YES;
				GCC_WARN_UNUSED_VARIABLE = YES;
				IPHONEOS_DEPLOYMENT_TARGET = 16.0;
				ONLY_ACTIVE_ARCH = YES;
				PROVISIONING_PROFILE = "";
				SDKROOT = iphoneos;
				TARGETED_DEVICE_FAMILY = "1,2";
				VALID_ARCHS = "arm64 arm64e x86_64";
			};
			name = Debug;
		};
		61BBCD8E16F8FB9100D020B9 /* Release */ = {
			isa = XCBuildConfiguration;
			buildSettings = {
				ALWAYS_SEARCH_USER_PATHS = YES;
				CLANG_ANALYZER_LOCALIZABILITY_NONLOCALIZED = YES;
				CLANG_CXX_LANGUAGE_STANDARD = "compiler-default";
				CLANG_CXX_LIBRARY = "compiler-default";
				CLANG_ENABLE_OBJC_ARC = YES;
				CLANG_WARN_BLOCK_CAPTURE_AUTORELEASING = YES;
				CLANG_WARN_BOOL_CONVERSION = YES;
				CLANG_WARN_COMMA = YES;
				CLANG_WARN_CONSTANT_CONVERSION = YES;
				CLANG_WARN_DEPRECATED_OBJC_IMPLEMENTATIONS = YES;
				CLANG_WARN_EMPTY_BODY = YES;
				CLANG_WARN_ENUM_CONVERSION = YES;
				CLANG_WARN_INFINITE_RECURSION = YES;
				CLANG_WARN_INT_CONVERSION = YES;
				CLANG_WARN_NON_LITERAL_NULL_CONVERSION = YES;
				CLANG_WARN_OBJC_IMPLICIT_RETAIN_SELF = YES;
				CLANG_WARN_OBJC_LITERAL_CONVERSION = YES;
				CLANG_WARN_QUOTED_INCLUDE_IN_FRAMEWORK_HEADER = YES;
				CLANG_WARN_RANGE_LOOP_ANALYSIS = YES;
				CLANG_WARN_STRICT_PROTOTYPES = YES;
				CLANG_WARN_SUSPICIOUS_MOVE = YES;
				CLANG_WARN_UNREACHABLE_CODE = YES;
				CLANG_WARN__DUPLICATE_METHOD_MATCH = YES;
				CODE_SIGN_IDENTITY = "iPhone Developer";
				"CODE_SIGN_IDENTITY[sdk=iphoneos*]" = "iPhone Developer";
				COPY_PHASE_STRIP = YES;
				ENABLE_STRICT_OBJC_MSGSEND = YES;
				GCC_C_LANGUAGE_STANDARD = "compiler-default";
				GCC_NO_COMMON_BLOCKS = YES;
				GCC_WARN_64_TO_32_BIT_CONVERSION = YES;
				GCC_WARN_ABOUT_RETURN_TYPE = YES;
				GCC_WARN_UNDECLARED_SELECTOR = YES;
				GCC_WARN_UNINITIALIZED_AUTOS = YES;
				GCC_WARN_UNUSED_FUNCTION = YES;
				GCC_WARN_UNUSED_VARIABLE = YES;
				IPHONEOS_DEPLOYMENT_TARGET = 16.0;
				OTHER_CFLAGS = "-DNS_BLOCK_ASSERTIONS=1";
				SDKROOT = iphoneos;
				TARGETED_DEVICE_FAMILY = "1,2";
				VALIDATE_PRODUCT = YES;
				VALID_ARCHS = "arm64 arm64e x86_64";
			};
			name = Release;
		};
		61BBCD9016F8FB9100D020B9 /* Debug */ = {
			isa = XCBuildConfiguration;
			baseConfigurationReference = B4489E7018EC3B66000B2B79 /* default.xcconfig */;
			buildSettings = {
				ALWAYS_SEARCH_USER_PATHS = NO;
				ASSETCATALOG_COMPILER_APPICON_NAME = AppIcon;
				CLANG_CXX_LANGUAGE_STANDARD = "compiler-default";
				CLANG_CXX_LIBRARY = "compiler-default";
				CODE_SIGN_ENTITLEMENTS = ServerServices/ServerServices.entitlements;
				FRAMEWORK_SEARCH_PATHS = (
					"$(inherited)",
					"$(PROJECT_DIR)",
				);
				GCC_PRECOMPILE_PREFIX_HEADER = YES;
				GCC_PREFIX_HEADER = "ServerServices/Supporting Files/ServerServices-Prefix.pch";
				HEADER_SEARCH_PATHS = (
					"$(inherited)",
					"$(PROJECT_DIR)/BlackBerryDynamics.framework/Headers",
				);
				INFOPLIST_FILE = "ServerServices/Supporting Files/Info.plist";
				IPHONEOS_DEPLOYMENT_TARGET = 16.0;
				LD_RUNPATH_SEARCH_PATHS = (
					"$(inherited)",
					"@executable_path/Frameworks",
				);
				LIBRARY_SEARCH_PATHS = (
					"$(inherited)",
					"$(SDK_DIR)/usr/lib/swift",
					"$(TOOLCHAIN_DIR)/usr/lib/swift/$(PLATFORM_NAME)",
				);
				OTHER_LDFLAGS = "";
				PRODUCT_BUNDLE_IDENTIFIER = com.good.gd.example.serverservices;
				PRODUCT_NAME = ServerServices;
				PROVISIONING_PROFILE = "";
				TARGETED_DEVICE_FAMILY = "1,2";
				WRAPPER_EXTENSION = app;
			};
			name = Debug;
		};
		61BBCD9116F8FB9100D020B9 /* Release */ = {
			isa = XCBuildConfiguration;
			baseConfigurationReference = B4489E7018EC3B66000B2B79 /* default.xcconfig */;
			buildSettings = {
				ALWAYS_SEARCH_USER_PATHS = NO;
				ASSETCATALOG_COMPILER_APPICON_NAME = AppIcon;
				CLANG_CXX_LANGUAGE_STANDARD = "compiler-default";
				CLANG_CXX_LIBRARY = "compiler-default";
				CODE_SIGN_ENTITLEMENTS = ServerServices/ServerServices.entitlements;
				FRAMEWORK_SEARCH_PATHS = (
					"$(inherited)",
					"$(PROJECT_DIR)",
				);
				GCC_PRECOMPILE_PREFIX_HEADER = YES;
				GCC_PREFIX_HEADER = "ServerServices/Supporting Files/ServerServices-Prefix.pch";
				HEADER_SEARCH_PATHS = (
					"$(inherited)",
					"$(PROJECT_DIR)/BlackBerryDynamics.framework/Headers",
				);
				INFOPLIST_FILE = "ServerServices/Supporting Files/Info.plist";
				IPHONEOS_DEPLOYMENT_TARGET = 16.0;
				LD_RUNPATH_SEARCH_PATHS = (
					"$(inherited)",
					"@executable_path/Frameworks",
				);
				LIBRARY_SEARCH_PATHS = (
					"$(inherited)",
					"$(SDK_DIR)/usr/lib/swift",
					"$(TOOLCHAIN_DIR)/usr/lib/swift/$(PLATFORM_NAME)",
				);
				OTHER_LDFLAGS = "";
				PRODUCT_BUNDLE_IDENTIFIER = com.good.gd.example.serverservices;
				PRODUCT_NAME = ServerServices;
				PROVISIONING_PROFILE = "";
				TARGETED_DEVICE_FAMILY = "1,2";
				WRAPPER_EXTENSION = app;
			};
			name = Release;
		};
/* End XCBuildConfiguration section */

/* Begin XCConfigurationList section */
		210B07791E805751008C8E3A /* Build configuration list for PBXNativeTarget "ServerServicesUITests" */ = {
			isa = XCConfigurationList;
			buildConfigurations = (
				210B07771E80574E008C8E3A /* Debug */,
				210B07781E80574E008C8E3A /* Release */,
			);
			defaultConfigurationIsVisible = 0;
			defaultConfigurationName = Release;
		};
		61BBCD5916F8FB9100D020B9 /* Build configuration list for PBXProject "ServerServices" */ = {
			isa = XCConfigurationList;
			buildConfigurations = (
				61BBCD8D16F8FB9100D020B9 /* Debug */,
				61BBCD8E16F8FB9100D020B9 /* Release */,
			);
			defaultConfigurationIsVisible = 0;
			defaultConfigurationName = Release;
		};
		61BBCD8F16F8FB9100D020B9 /* Build configuration list for PBXNativeTarget "ServerServices" */ = {
			isa = XCConfigurationList;
			buildConfigurations = (
				61BBCD9016F8FB9100D020B9 /* Debug */,
				61BBCD9116F8FB9100D020B9 /* Release */,
			);
			defaultConfigurationIsVisible = 0;
			defaultConfigurationName = Release;
		};
/* End XCConfigurationList section */
	};
	rootObject = 61BBCD5616F8FB9100D020B9 /* Project object */;
}
