// !$*UTF8*$!
{
	archiveVersion = 1;
	classes = {
	};
	objectVersion = 46;
	objects = {

/* Begin PBXBuildFile section */
		1A6295962745876300E870D1 /* WKWebViewViewController.swift in Sources */ = {isa = PBXBuildFile; fileRef = 1A6295952745876300E870D1 /* WKWebViewViewController.swift */; };
		1AB174A4274F076A00D36FB5 /* helloworld.pdf in Resources */ = {isa = PBXBuildFile; fileRef = 1AB174A3274F076A00D36FB5 /* helloworld.pdf */; };
		1AB174A7274F0AE600D36FB5 /* DLPUEM.png in Resources */ = {isa = PBXBuildFile; fileRef = 1AB174A6274F0AE600D36FB5 /* DLPUEM.png */; };
		1AD669872742B01500493B69 /* ColorModel.xcdatamodeld in Sources */ = {isa = PBXBuildFile; fileRef = 1AD669852742B01500493B69 /* ColorModel.xcdatamodeld */; };
		1AD669892742B4E400493B69 /* SecureCoreDataViewController.swift in Sources */ = {isa = PBXBuildFile; fileRef = 1AD669882742B4E400493B69 /* SecureCoreDataViewController.swift */; };
		1AD6698C2742BA1B00493B69 /* Color+SecureCoreData.swift in Sources */ = {isa = PBXBuildFile; fileRef = 1AD6698B2742BA1B00493B69 /* Color+SecureCoreData.swift */; };
		1AD6698E2742BA3C00493B69 /* Color+SecureCoreDataProperties.swift in Sources */ = {isa = PBXBuildFile; fileRef = 1AD6698D2742BA3C00493B69 /* Color+SecureCoreDataProperties.swift */; };
		1AF81EE9274BD61B00B4B490 /* ShareViewController.swift in Sources */ = {isa = PBXBuildFile; fileRef = 1AF81EE8274BD61B00B4B490 /* ShareViewController.swift */; };
		6D3404D626B34AF90096C409 /* CoreServices.framework in Frameworks */ = {isa = PBXBuildFile; fileRef = 6D3404D526B34AF90096C409 /* CoreServices.framework */; };
		6D833E6F2718C6DB001FEBDE /* InfoPlist.strings in Resources */ = {isa = PBXBuildFile; fileRef = 6D833E6E2718C6DB001FEBDE /* InfoPlist.strings */; };
		8BA3E4FC22679FC000E1F207 /* WebKit.framework in Frameworks */ = {isa = PBXBuildFile; fileRef = 8BA3E4FB22679FC000E1F207 /* WebKit.framework */; };
		8BC133CE1E5CE9460049BB85 /* SocketViewController.swift in Sources */ = {isa = PBXBuildFile; fileRef = 8BC133CD1E5CE9460049BB85 /* SocketViewController.swift */; };
		8BC133D01E5CE9640049BB85 /* HttpViewController.swift in Sources */ = {isa = PBXBuildFile; fileRef = 8BC133CF1E5CE9640049BB85 /* HttpViewController.swift */; };
		8BC133D41E5CE9860049BB85 /* DatabaseViewController.swift in Sources */ = {isa = PBXBuildFile; fileRef = 8BC133D31E5CE9860049BB85 /* DatabaseViewController.swift */; };
		8BC133D81E5CE9A10049BB85 /* FileViewController.swift in Sources */ = {isa = PBXBuildFile; fileRef = 8BC133D71E5CE9A10049BB85 /* FileViewController.swift */; };
		8BE6A5C11E5CE6CB006692EA /* LocalAuthentication.framework in Frameworks */ = {isa = PBXBuildFile; fileRef = 8BE6A5C01E5CE6CB006692EA /* LocalAuthentication.framework */; };
		8BE6A5C31E5CE6CB006692EA /* CoreTelephony.framework in Frameworks */ = {isa = PBXBuildFile; fileRef = 8BE6A5C21E5CE6CB006692EA /* CoreTelephony.framework */; };
		8BE6A5C51E5CE6CB006692EA /* SystemConfiguration.framework in Frameworks */ = {isa = PBXBuildFile; fileRef = 8BE6A5C41E5CE6CB006692EA /* SystemConfiguration.framework */; };
		8BE6A5C71E5CE6CB006692EA /* CoreData.framework in Frameworks */ = {isa = PBXBuildFile; fileRef = 8BE6A5C61E5CE6CB006692EA /* CoreData.framework */; };
		8BE6A5C91E5CE6CB006692EA /* MessageUI.framework in Frameworks */ = {isa = PBXBuildFile; fileRef = 8BE6A5C81E5CE6CB006692EA /* MessageUI.framework */; };
		8BE6A5CE1E5CE6CB006692EA /* AppDelegate.swift in Sources */ = {isa = PBXBuildFile; fileRef = 8BE6A5CD1E5CE6CB006692EA /* AppDelegate.swift */; };
		8BE6A5DC1E5CE6CB006692EA /* libz.tbd in Frameworks */ = {isa = PBXBuildFile; fileRef = 8BE6A5DB1E5CE6CB006692EA /* libz.tbd */; };
		8BE6A5DF1E5CE6CB006692EA /* Main.storyboard in Resources */ = {isa = PBXBuildFile; fileRef = 8BE6A5DD1E5CE6CB006692EA /* Main.storyboard */; };
		8BE6A5E11E5CE6CB006692EA /* Assets.xcassets in Resources */ = {isa = PBXBuildFile; fileRef = 8BE6A5E01E5CE6CB006692EA /* Assets.xcassets */; };
		8BE6A5E41E5CE6CB006692EA /* LaunchScreen.storyboard in Resources */ = {isa = PBXBuildFile; fileRef = 8BE6A5E21E5CE6CB006692EA /* LaunchScreen.storyboard */; };
		8BE6A5EC1E5CE6DE006692EA /* Default-568h@2x.png in Resources */ = {isa = PBXBuildFile; fileRef = 8BE6A5EB1E5CE6DE006692EA /* Default-568h@2x.png */; };
		8BFF5BB31E7ACBED00F31823 /* Entitlements.plist in Resources */ = {isa = PBXBuildFile; fileRef = 8BFF5BB21E7ACBED00F31823 /* Entitlements.plist */; };
		8BFF5BC01E7AF10200F31823 /* ReadMe.md in Resources */ = {isa = PBXBuildFile; fileRef = 8BFF5BBF1E7AF10200F31823 /* ReadMe.md */; };
		9417C92DA6E8DADC9DBF09AD /* Pods_Dynamics_Swift_Sample.framework in Frameworks */ = {isa = PBXBuildFile; fileRef = FAE7F2607B1F2EDB529C6B51 /* Pods_Dynamics_Swift_Sample.framework */; };
/* End PBXBuildFile section */

/* Begin PBXFileReference section */
		1A6295952745876300E870D1 /* WKWebViewViewController.swift */ = {isa = PBXFileReference; lastKnownFileType = sourcecode.swift; path = WKWebViewViewController.swift; sourceTree = "<group>"; };
		1AB174A3274F076A00D36FB5 /* helloworld.pdf */ = {isa = PBXFileReference; lastKnownFileType = image.pdf; path = helloworld.pdf; sourceTree = "<group>"; };
		1AB174A6274F0AE600D36FB5 /* DLPUEM.png */ = {isa = PBXFileReference; lastKnownFileType = image.png; path = DLPUEM.png; sourceTree = "<group>"; };
		1AD669862742B01500493B69 /* NotesModel.xcdatamodel */ = {isa = PBXFileReference; lastKnownFileType = wrapper.xcdatamodel; path = NotesModel.xcdatamodel; sourceTree = "<group>"; };
		1AD669882742B4E400493B69 /* SecureCoreDataViewController.swift */ = {isa = PBXFileReference; lastKnownFileType = sourcecode.swift; path = SecureCoreDataViewController.swift; sourceTree = "<group>"; };
		1AD6698B2742BA1B00493B69 /* Color+SecureCoreData.swift */ = {isa = PBXFileReference; lastKnownFileType = sourcecode.swift; path = "Color+SecureCoreData.swift"; sourceTree = "<group>"; };
		1AD6698D2742BA3C00493B69 /* Color+SecureCoreDataProperties.swift */ = {isa = PBXFileReference; lastKnownFileType = sourcecode.swift; path = "Color+SecureCoreDataProperties.swift"; sourceTree = "<group>"; };
		1AF81EE8274BD61B00B4B490 /* ShareViewController.swift */ = {isa = PBXFileReference; lastKnownFileType = sourcecode.swift; path = ShareViewController.swift; sourceTree = "<group>"; };
		6D3404D326B34AEE0096C409 /* CoreSpotlight.framework */ = {isa = PBXFileReference; lastKnownFileType = wrapper.framework; name = CoreSpotlight.framework; path = System/Library/Frameworks/CoreSpotlight.framework; sourceTree = SDKROOT; };
		6D3404D526B34AF90096C409 /* CoreServices.framework */ = {isa = PBXFileReference; lastKnownFileType = wrapper.framework; name = CoreServices.framework; path = System/Library/Frameworks/CoreServices.framework; sourceTree = SDKROOT; };
		6D833E6E2718C6DB001FEBDE /* InfoPlist.strings */ = {isa = PBXFileReference; lastKnownFileType = text.plist.strings; path = InfoPlist.strings; sourceTree = "<group>"; };
		8BA3E4FB22679FC000E1F207 /* WebKit.framework */ = {isa = PBXFileReference; lastKnownFileType = wrapper.framework; name = WebKit.framework; path = System/Library/Frameworks/WebKit.framework; sourceTree = SDKROOT; };
		8BC133CD1E5CE9460049BB85 /* SocketViewController.swift */ = {isa = PBXFileReference; fileEncoding = 4; lastKnownFileType = sourcecode.swift; path = SocketViewController.swift; sourceTree = "<group>"; };
		8BC133CF1E5CE9640049BB85 /* HttpViewController.swift */ = {isa = PBXFileReference; fileEncoding = 4; lastKnownFileType = sourcecode.swift; path = HttpViewController.swift; sourceTree = "<group>"; };
		8BC133D31E5CE9860049BB85 /* DatabaseViewController.swift */ = {isa = PBXFileReference; fileEncoding = 4; lastKnownFileType = sourcecode.swift; path = DatabaseViewController.swift; sourceTree = "<group>"; };
		8BC133D71E5CE9A10049BB85 /* FileViewController.swift */ = {isa = PBXFileReference; fileEncoding = 4; lastKnownFileType = sourcecode.swift; path = FileViewController.swift; sourceTree = "<group>"; };
		8BE6A5BB1E5CE6CB006692EA /* Dynamics Swift Sample.app */ = {isa = PBXFileReference; explicitFileType = wrapper.application; includeInIndex = 0; path = "Dynamics Swift Sample.app"; sourceTree = BUILT_PRODUCTS_DIR; };
		8BE6A5C01E5CE6CB006692EA /* LocalAuthentication.framework */ = {isa = PBXFileReference; lastKnownFileType = wrapper.framework; name = LocalAuthentication.framework; path = System/Library/Frameworks/LocalAuthentication.framework; sourceTree = SDKROOT; };
		8BE6A5C21E5CE6CB006692EA /* CoreTelephony.framework */ = {isa = PBXFileReference; lastKnownFileType = wrapper.framework; name = CoreTelephony.framework; path = System/Library/Frameworks/CoreTelephony.framework; sourceTree = SDKROOT; };
		8BE6A5C41E5CE6CB006692EA /* SystemConfiguration.framework */ = {isa = PBXFileReference; lastKnownFileType = wrapper.framework; name = SystemConfiguration.framework; path = System/Library/Frameworks/SystemConfiguration.framework; sourceTree = SDKROOT; };
		8BE6A5C61E5CE6CB006692EA /* CoreData.framework */ = {isa = PBXFileReference; lastKnownFileType = wrapper.framework; name = CoreData.framework; path = System/Library/Frameworks/CoreData.framework; sourceTree = SDKROOT; };
		8BE6A5C81E5CE6CB006692EA /* MessageUI.framework */ = {isa = PBXFileReference; lastKnownFileType = wrapper.framework; name = MessageUI.framework; path = System/Library/Frameworks/MessageUI.framework; sourceTree = SDKROOT; };
		8BE6A5CA1E5CE6CB006692EA /* MobileCoreServices.framework */ = {isa = PBXFileReference; lastKnownFileType = wrapper.framework; name = MobileCoreServices.framework; path = System/Library/Frameworks/MobileCoreServices.framework; sourceTree = SDKROOT; };
		8BE6A5CD1E5CE6CB006692EA /* AppDelegate.swift */ = {isa = PBXFileReference; lastKnownFileType = sourcecode.swift; path = AppDelegate.swift; sourceTree = "<group>"; };
		8BE6A5DB1E5CE6CB006692EA /* libz.tbd */ = {isa = PBXFileReference; lastKnownFileType = "sourcecode.text-based-dylib-definition"; name = libz.tbd; path = usr/lib/libz.tbd; sourceTree = SDKROOT; };
		8BE6A5DE1E5CE6CB006692EA /* Base */ = {isa = PBXFileReference; lastKnownFileType = file.storyboard; name = Base; path = Base.lproj/Main.storyboard; sourceTree = "<group>"; };
		8BE6A5E01E5CE6CB006692EA /* Assets.xcassets */ = {isa = PBXFileReference; lastKnownFileType = folder.assetcatalog; path = Assets.xcassets; sourceTree = "<group>"; };
		8BE6A5E31E5CE6CB006692EA /* Base */ = {isa = PBXFileReference; lastKnownFileType = file.storyboard; name = Base; path = Base.lproj/LaunchScreen.storyboard; sourceTree = "<group>"; };
		8BE6A5E51E5CE6CB006692EA /* Info.plist */ = {isa = PBXFileReference; lastKnownFileType = text.plist.xml; path = Info.plist; sourceTree = "<group>"; };
		8BE6A5EB1E5CE6DE006692EA /* Default-568h@2x.png */ = {isa = PBXFileReference; lastKnownFileType = image.png; path = "Default-568h@2x.png"; sourceTree = "<group>"; };
		8BFF5BB21E7ACBED00F31823 /* Entitlements.plist */ = {isa = PBXFileReference; fileEncoding = 4; lastKnownFileType = text.plist.xml; path = Entitlements.plist; sourceTree = "<group>"; };
		8BFF5BBF1E7AF10200F31823 /* ReadMe.md */ = {isa = PBXFileReference; fileEncoding = 4; lastKnownFileType = net.daringfireball.markdown; path = ReadMe.md; sourceTree = "<group>"; };
		B977D3F6EF209B61A5CBEEFF /* Pods-Dynamics Swift Sample.release.xcconfig */ = {isa = PBXFileReference; includeInIndex = 1; lastKnownFileType = text.xcconfig; name = "Pods-Dynamics Swift Sample.release.xcconfig"; path = "Target Support Files/Pods-Dynamics Swift Sample/Pods-Dynamics Swift Sample.release.xcconfig"; sourceTree = "<group>"; };
		E1693E875AFDCFCAE5870065 /* Pods-Dynamics Swift Sample.debug.xcconfig */ = {isa = PBXFileReference; includeInIndex = 1; lastKnownFileType = text.xcconfig; name = "Pods-Dynamics Swift Sample.debug.xcconfig"; path = "Target Support Files/Pods-Dynamics Swift Sample/Pods-Dynamics Swift Sample.debug.xcconfig"; sourceTree = "<group>"; };
		FAE7F2607B1F2EDB529C6B51 /* Pods_Dynamics_Swift_Sample.framework */ = {isa = PBXFileReference; explicitFileType = wrapper.framework; includeInIndex = 0; path = Pods_Dynamics_Swift_Sample.framework; sourceTree = BUILT_PRODUCTS_DIR; };
/* End PBXFileReference section */

/* Begin PBXFrameworksBuildPhase section */
		8BE6A5B81E5CE6CB006692EA /* Frameworks */ = {
			isa = PBXFrameworksBuildPhase;
			buildActionMask = 2147483647;
			files = (
				8BA3E4FC22679FC000E1F207 /* WebKit.framework in Frameworks */,
				8BE6A5C11E5CE6CB006692EA /* LocalAuthentication.framework in Frameworks */,
				6D3404D626B34AF90096C409 /* CoreServices.framework in Frameworks */,
				8BE6A5C31E5CE6CB006692EA /* CoreTelephony.framework in Frameworks */,
				8BE6A5C91E5CE6CB006692EA /* MessageUI.framework in Frameworks */,
				8BE6A5C71E5CE6CB006692EA /* CoreData.framework in Frameworks */,
				8BE6A5C51E5CE6CB006692EA /* SystemConfiguration.framework in Frameworks */,
				8BE6A5DC1E5CE6CB006692EA /* libz.tbd in Frameworks */,
				9417C92DA6E8DADC9DBF09AD /* Pods_Dynamics_Swift_Sample.framework in Frameworks */,
			);
			runOnlyForDeploymentPostprocessing = 0;
		};
/* End PBXFrameworksBuildPhase section */

/* Begin PBXGroup section */
		1AD6698A2742BA0900493B69 /* Model */ = {
			isa = PBXGroup;
			children = (
				1AD6698B2742BA1B00493B69 /* Color+SecureCoreData.swift */,
				1AD6698D2742BA3C00493B69 /* Color+SecureCoreDataProperties.swift */,
			);
			name = Model;
			sourceTree = "<group>";
		};
		8BE6A5B21E5CE6CB006692EA = {
			isa = PBXGroup;
			children = (
				8BFF5BBF1E7AF10200F31823 /* ReadMe.md */,
				8BE6A5CC1E5CE6CB006692EA /* Dynamics Swift Sample */,
				8BE6A5BD1E5CE6CB006692EA /* Frameworks */,
				8BE6A5BC1E5CE6CB006692EA /* Products */,
				B7F866AEB511C8762B0D9E43 /* Pods */,
			);
			sourceTree = "<group>";
		};
		8BE6A5BC1E5CE6CB006692EA /* Products */ = {
			isa = PBXGroup;
			children = (
				8BE6A5BB1E5CE6CB006692EA /* Dynamics Swift Sample.app */,
			);
			name = Products;
			sourceTree = "<group>";
		};
		8BE6A5BD1E5CE6CB006692EA /* Frameworks */ = {
			isa = PBXGroup;
			children = (
				6D3404D526B34AF90096C409 /* CoreServices.framework */,
				6D3404D326B34AEE0096C409 /* CoreSpotlight.framework */,
				8BA3E4FB22679FC000E1F207 /* WebKit.framework */,
				8BE6A5C01E5CE6CB006692EA /* LocalAuthentication.framework */,
				8BE6A5C21E5CE6CB006692EA /* CoreTelephony.framework */,
				8BE6A5C41E5CE6CB006692EA /* SystemConfiguration.framework */,
				8BE6A5C61E5CE6CB006692EA /* CoreData.framework */,
				8BE6A5C81E5CE6CB006692EA /* MessageUI.framework */,
				8BE6A5CA1E5CE6CB006692EA /* MobileCoreServices.framework */,
				FAE7F2607B1F2EDB529C6B51 /* Pods_Dynamics_Swift_Sample.framework */,
			);
			name = Frameworks;
			sourceTree = "<group>";
		};
		8BE6A5CC1E5CE6CB006692EA /* Dynamics Swift Sample */ = {
			isa = PBXGroup;
			children = (
				1AD6698A2742BA0900493B69 /* Model */,
				1AD669882742B4E400493B69 /* SecureCoreDataViewController.swift */,
				1AF81EE8274BD61B00B4B490 /* ShareViewController.swift */,
				8BE6A5CD1E5CE6CB006692EA /* AppDelegate.swift */,
				8BC133D71E5CE9A10049BB85 /* FileViewController.swift */,
				8BC133D31E5CE9860049BB85 /* DatabaseViewController.swift */,
				8BC133CF1E5CE9640049BB85 /* HttpViewController.swift */,
				8BC133CD1E5CE9460049BB85 /* SocketViewController.swift */,
				1A6295952745876300E870D1 /* WKWebViewViewController.swift */,
				8BE6A5DD1E5CE6CB006692EA /* Main.storyboard */,
				8BE6A5E01E5CE6CB006692EA /* Assets.xcassets */,
				8BE6A5E21E5CE6CB006692EA /* LaunchScreen.storyboard */,
				8BE6A5E51E5CE6CB006692EA /* Info.plist */,
				8BE6A5D51E5CE6CB006692EA /* Resources */,
				8BE6A5D81E5CE6CB006692EA /* Libs */,
				8BE6A5D11E5CE6CB006692EA /* Supporting Files */,
				6D833E6E2718C6DB001FEBDE /* InfoPlist.strings */,
				1AD669852742B01500493B69 /* ColorModel.xcdatamodeld */,
			);
			path = "Dynamics Swift Sample";
			sourceTree = "<group>";
		};
		8BE6A5D11E5CE6CB006692EA /* Supporting Files */ = {
			isa = PBXGroup;
			children = (
				8BFF5BB21E7ACBED00F31823 /* Entitlements.plist */,
			);
			name = "Supporting Files";
			sourceTree = "<group>";
		};
		8BE6A5D51E5CE6CB006692EA /* Resources */ = {
			isa = PBXGroup;
			children = (
				1AB174A6274F0AE600D36FB5 /* DLPUEM.png */,
				1AB174A3274F076A00D36FB5 /* helloworld.pdf */,
				8BE6A5EB1E5CE6DE006692EA /* Default-568h@2x.png */,
			);
			name = Resources;
			sourceTree = "<group>";
		};
		8BE6A5D81E5CE6CB006692EA /* Libs */ = {
			isa = PBXGroup;
			children = (
				8BE6A5DB1E5CE6CB006692EA /* libz.tbd */,
			);
			name = Libs;
			sourceTree = "<group>";
		};
		B7F866AEB511C8762B0D9E43 /* Pods */ = {
			isa = PBXGroup;
			children = (
				E1693E875AFDCFCAE5870065 /* Pods-Dynamics Swift Sample.debug.xcconfig */,
				B977D3F6EF209B61A5CBEEFF /* Pods-Dynamics Swift Sample.release.xcconfig */,
			);
			path = Pods;
			sourceTree = "<group>";
		};
/* End PBXGroup section */

/* Begin PBXNativeTarget section */
		8BE6A5BA1E5CE6CB006692EA /* Dynamics Swift Sample */ = {
			isa = PBXNativeTarget;
			buildConfigurationList = 8BE6A5E81E5CE6CB006692EA /* Build configuration list for PBXNativeTarget "Dynamics Swift Sample" */;
			buildPhases = (
				67B94A60935CA75E721EC29B /* [CP] Check Pods Manifest.lock */,
				8BE6A5B71E5CE6CB006692EA /* Sources */,
				8BE6A5B81E5CE6CB006692EA /* Frameworks */,
				8BE6A5B91E5CE6CB006692EA /* Resources */,
				9BE0D42A5734731846B4056F /* [CP] Embed Pods Frameworks */,
			);
			buildRules = (
			);
			dependencies = (
			);
			name = "Dynamics Swift Sample";
			productName = "Api Sample";
			productReference = 8BE6A5BB1E5CE6CB006692EA /* Dynamics Swift Sample.app */;
			productType = "com.apple.product-type.application";
		};
/* End PBXNativeTarget section */

/* Begin PBXProject section */
		8BE6A5B31E5CE6CB006692EA /* Project object */ = {
			isa = PBXProject;
			attributes = {
				LastSwiftUpdateCheck = 0820;
				LastUpgradeCheck = 0820;
				ORGANIZATIONNAME = "Gurjit Ghangura";
				TargetAttributes = {
					8BE6A5BA1E5CE6CB006692EA = {
						CreatedOnToolsVersion = 8.2.1;
						ProvisioningStyle = Manual;
					};
				};
			};
			buildConfigurationList = 8BE6A5B61E5CE6CB006692EA /* Build configuration list for PBXProject "Dynamics Swift Sample" */;
			compatibilityVersion = "Xcode 3.2";
			developmentRegion = en;
			hasScannedForEncodings = 0;
			knownRegions = (
				en,
				Base,
			);
			mainGroup = 8BE6A5B21E5CE6CB006692EA;
			productRefGroup = 8BE6A5BC1E5CE6CB006692EA /* Products */;
			projectDirPath = "";
			projectRoot = "";
			targets = (
				8BE6A5BA1E5CE6CB006692EA /* Dynamics Swift Sample */,
			);
		};
/* End PBXProject section */

/* Begin PBXResourcesBuildPhase section */
		8BE6A5B91E5CE6CB006692EA /* Resources */ = {
			isa = PBXResourcesBuildPhase;
			buildActionMask = 2147483647;
			files = (
				8BFF5BC01E7AF10200F31823 /* ReadMe.md in Resources */,
				1AB174A7274F0AE600D36FB5 /* DLPUEM.png in Resources */,
				8BFF5BB31E7ACBED00F31823 /* Entitlements.plist in Resources */,
				1AB174A4274F076A00D36FB5 /* helloworld.pdf in Resources */,
				6D833E6F2718C6DB001FEBDE /* InfoPlist.strings in Resources */,
				8BE6A5DF1E5CE6CB006692EA /* Main.storyboard in Resources */,
				8BE6A5E11E5CE6CB006692EA /* Assets.xcassets in Resources */,
				8BE6A5E41E5CE6CB006692EA /* LaunchScreen.storyboard in Resources */,
				8BE6A5EC1E5CE6DE006692EA /* Default-568h@2x.png in Resources */,
			);
			runOnlyForDeploymentPostprocessing = 0;
		};
/* End PBXResourcesBuildPhase section */

/* Begin PBXShellScriptBuildPhase section */
		67B94A60935CA75E721EC29B /* [CP] Check Pods Manifest.lock */ = {
			isa = PBXShellScriptBuildPhase;
			buildActionMask = 2147483647;
			files = (
			);
			inputFileListPaths = (
			);
			inputPaths = (
				"${PODS_PODFILE_DIR_PATH}/Podfile.lock",
				"${PODS_ROOT}/Manifest.lock",
			);
			name = "[CP] Check Pods Manifest.lock";
			outputFileListPaths = (
			);
			outputPaths = (
				"$(DERIVED_FILE_DIR)/Pods-Dynamics Swift Sample-checkManifestLockResult.txt",
			);
			runOnlyForDeploymentPostprocessing = 0;
			shellPath = /bin/sh;
			shellScript = "diff \"${PODS_PODFILE_DIR_PATH}/Podfile.lock\" \"${PODS_ROOT}/Manifest.lock\" > /dev/null\nif [ $? != 0 ] ; then\n    # print error to STDERR\n    echo \"error: The sandbox is not in sync with the Podfile.lock. Run 'pod install' or update your CocoaPods installation.\" >&2\n    exit 1\nfi\n# This output is used by Xcode 'outputs' to avoid re-running this script phase.\necho \"SUCCESS\" > \"${SCRIPT_OUTPUT_FILE_0}\"\n";
			showEnvVarsInLog = 0;
		};
		9BE0D42A5734731846B4056F /* [CP] Embed Pods Frameworks */ = {
			isa = PBXShellScriptBuildPhase;
			buildActionMask = 2147483647;
			files = (
			);
			inputPaths = (
				"${PODS_ROOT}/Target Support Files/Pods-Dynamics Swift Sample/Pods-Dynamics Swift Sample-frameworks.sh",
				"${PODS_XCFRAMEWORKS_BUILD_DIR}/BlackBerryDynamics/BlackBerryDynamics/BlackBerryDynamics.framework/BlackBerryDynamics",
				"${PODS_XCFRAMEWORKS_BUILD_DIR}/BlackBerryDynamics/BlackBerryDynamics/BlackBerryCerticom.framework/BlackBerryCerticom",
				"${PODS_XCFRAMEWORKS_BUILD_DIR}/BlackBerryDynamics/BlackBerryDynamics/BlackBerryCerticomSBGSE.framework/BlackBerryCerticomSBGSE",
			);
			name = "[CP] Embed Pods Frameworks";
			outputPaths = (
				"${TARGET_BUILD_DIR}/${FRAMEWORKS_FOLDER_PATH}/BlackBerryDynamics.framework",
				"${TARGET_BUILD_DIR}/${FRAMEWORKS_FOLDER_PATH}/BlackBerryCerticom.framework",
				"${TARGET_BUILD_DIR}/${FRAMEWORKS_FOLDER_PATH}/BlackBerryCerticomSBGSE.framework",
			);
			runOnlyForDeploymentPostprocessing = 0;
			shellPath = /bin/sh;
			shellScript = "\"${PODS_ROOT}/Target Support Files/Pods-Dynamics Swift Sample/Pods-Dynamics Swift Sample-frameworks.sh\"\n";
			showEnvVarsInLog = 0;
		};
/* End PBXShellScriptBuildPhase section */

/* Begin PBXSourcesBuildPhase section */
		8BE6A5B71E5CE6CB006692EA /* Sources */ = {
			isa = PBXSourcesBuildPhase;
			buildActionMask = 2147483647;
			files = (
				1A6295962745876300E870D1 /* WKWebViewViewController.swift in Sources */,
				1AF81EE9274BD61B00B4B490 /* ShareViewController.swift in Sources */,
				8BE6A5CE1E5CE6CB006692EA /* AppDelegate.swift in Sources */,
				1AD6698C2742BA1B00493B69 /* Color+SecureCoreData.swift in Sources */,
				8BC133D01E5CE9640049BB85 /* HttpViewController.swift in Sources */,
				8BC133D41E5CE9860049BB85 /* DatabaseViewController.swift in Sources */,
				1AD669872742B01500493B69 /* ColorModel.xcdatamodeld in Sources */,
				8BC133CE1E5CE9460049BB85 /* SocketViewController.swift in Sources */,
				1AD669892742B4E400493B69 /* SecureCoreDataViewController.swift in Sources */,
				8BC133D81E5CE9A10049BB85 /* FileViewController.swift in Sources */,
				1AD6698E2742BA3C00493B69 /* Color+SecureCoreDataProperties.swift in Sources */,
			);
			runOnlyForDeploymentPostprocessing = 0;
		};
/* End PBXSourcesBuildPhase section */

/* Begin PBXVariantGroup section */
		8BE6A5DD1E5CE6CB006692EA /* Main.storyboard */ = {
			isa = PBXVariantGroup;
			children = (
				8BE6A5DE1E5CE6CB006692EA /* Base */,
			);
			name = Main.storyboard;
			sourceTree = "<group>";
		};
		8BE6A5E21E5CE6CB006692EA /* LaunchScreen.storyboard */ = {
			isa = PBXVariantGroup;
			children = (
				8BE6A5E31E5CE6CB006692EA /* Base */,
			);
			name = LaunchScreen.storyboard;
			sourceTree = "<group>";
		};
/* End PBXVariantGroup section */

/* Begin XCBuildConfiguration section */
		8BE6A5E61E5CE6CB006692EA /* Debug */ = {
			isa = XCBuildConfiguration;
			baseConfigurationReference = E1693E875AFDCFCAE5870065 /* Pods-Dynamics Swift Sample.debug.xcconfig */;
			buildSettings = {
				ALWAYS_SEARCH_USER_PATHS = NO;
				CLANG_ANALYZER_NONNULL = YES;
				CLANG_CXX_LANGUAGE_STANDARD = "gnu++0x";
				CLANG_CXX_LIBRARY = "libc++";
				CLANG_ENABLE_MODULES = YES;
				CLANG_ENABLE_OBJC_ARC = YES;
				CLANG_WARN_BOOL_CONVERSION = YES;
				CLANG_WARN_CONSTANT_CONVERSION = YES;
				CLANG_WARN_DIRECT_OBJC_ISA_USAGE = YES_ERROR;
				CLANG_WARN_DOCUMENTATION_COMMENTS = YES;
				CLANG_WARN_EMPTY_BODY = YES;
				CLANG_WARN_ENUM_CONVERSION = YES;
				CLANG_WARN_INFINITE_RECURSION = YES;
				CLANG_WARN_INT_CONVERSION = YES;
				CLANG_WARN_OBJC_ROOT_CLASS = YES_ERROR;
				CLANG_WARN_SUSPICIOUS_MOVE = YES;
				CLANG_WARN_UNREACHABLE_CODE = YES;
				CLANG_WARN__DUPLICATE_METHOD_MATCH = YES;
				"CODE_SIGN_IDENTITY[sdk=iphoneos*]" = "iPhone Developer";
				COPY_PHASE_STRIP = NO;
				DEBUG_INFORMATION_FORMAT = dwarf;
				ENABLE_STRICT_OBJC_MSGSEND = YES;
				ENABLE_TESTABILITY = YES;
				GCC_C_LANGUAGE_STANDARD = gnu99;
				GCC_DYNAMIC_NO_PIC = NO;
				GCC_NO_COMMON_BLOCKS = YES;
				GCC_OPTIMIZATION_LEVEL = 0;
				GCC_PREPROCESSOR_DEFINITIONS = (
					"DEBUG=1",
					"$(inherited)",
				);
				GCC_VERSION = com.apple.compilers.llvm.clang.1_0;
				GCC_WARN_64_TO_32_BIT_CONVERSION = YES;
				GCC_WARN_ABOUT_RETURN_TYPE = YES_ERROR;
				GCC_WARN_UNDECLARED_SELECTOR = YES;
				GCC_WARN_UNINITIALIZED_AUTOS = YES_AGGRESSIVE;
				GCC_WARN_UNUSED_FUNCTION = YES;
				GCC_WARN_UNUSED_VARIABLE = YES;
				IPHONEOS_DEPLOYMENT_TARGET = 14.0;
				MTL_ENABLE_DEBUG_INFO = YES;
				ONLY_ACTIVE_ARCH = YES;
				SDKROOT = iphoneos;
				SWIFT_ACTIVE_COMPILATION_CONDITIONS = DEBUG;
				SWIFT_OPTIMIZATION_LEVEL = "-Onone";
				TARGETED_DEVICE_FAMILY = "1,2";
			};
			name = Debug;
		};
		8BE6A5E71E5CE6CB006692EA /* Release */ = {
			isa = XCBuildConfiguration;
			baseConfigurationReference = B977D3F6EF209B61A5CBEEFF /* Pods-Dynamics Swift Sample.release.xcconfig */;
			buildSettings = {
				ALWAYS_SEARCH_USER_PATHS = NO;
				CLANG_ANALYZER_NONNULL = YES;
				CLANG_CXX_LANGUAGE_STANDARD = "gnu++0x";
				CLANG_CXX_LIBRARY = "libc++";
				CLANG_ENABLE_MODULES = YES;
				CLANG_ENABLE_OBJC_ARC = YES;
				CLANG_WARN_BOOL_CONVERSION = YES;
				CLANG_WARN_CONSTANT_CONVERSION = YES;
				CLANG_WARN_DIRECT_OBJC_ISA_USAGE = YES_ERROR;
				CLANG_WARN_DOCUMENTATION_COMMENTS = YES;
				CLANG_WARN_EMPTY_BODY = YES;
				CLANG_WARN_ENUM_CONVERSION = YES;
				CLANG_WARN_INFINITE_RECURSION = YES;
				CLANG_WARN_INT_CONVERSION = YES;
				CLANG_WARN_OBJC_ROOT_CLASS = YES_ERROR;
				CLANG_WARN_SUSPICIOUS_MOVE = YES;
				CLANG_WARN_UNREACHABLE_CODE = YES;
				CLANG_WARN__DUPLICATE_METHOD_MATCH = YES;
				"CODE_SIGN_IDENTITY[sdk=iphoneos*]" = "iPhone Developer";
				COPY_PHASE_STRIP = NO;
				DEBUG_INFORMATION_FORMAT = "dwarf-with-dsym";
				ENABLE_NS_ASSERTIONS = NO;
				ENABLE_STRICT_OBJC_MSGSEND = YES;
				GCC_C_LANGUAGE_STANDARD = gnu99;
				GCC_NO_COMMON_BLOCKS = YES;
				GCC_VERSION = com.apple.compilers.llvm.clang.1_0;
				GCC_WARN_64_TO_32_BIT_CONVERSION = YES;
				GCC_WARN_ABOUT_RETURN_TYPE = YES_ERROR;
				GCC_WARN_UNDECLARED_SELECTOR = YES;
				GCC_WARN_UNINITIALIZED_AUTOS = YES_AGGRESSIVE;
				GCC_WARN_UNUSED_FUNCTION = YES;
				GCC_WARN_UNUSED_VARIABLE = YES;
				IPHONEOS_DEPLOYMENT_TARGET = 14.0;
				MTL_ENABLE_DEBUG_INFO = NO;
				ONLY_ACTIVE_ARCH = YES;
				SDKROOT = iphoneos;
				SWIFT_OPTIMIZATION_LEVEL = "-Owholemodule";
				TARGETED_DEVICE_FAMILY = "1,2";
				VALIDATE_PRODUCT = YES;
			};
			name = Release;
		};
		8BE6A5E91E5CE6CB006692EA /* Debug */ = {
			isa = XCBuildConfiguration;
			baseConfigurationReference = E1693E875AFDCFCAE5870065 /* Pods-Dynamics Swift Sample.debug.xcconfig */;
			buildSettings = {
				ASSETCATALOG_COMPILER_APPICON_NAME = AppIcon;
				CODE_SIGN_STYLE = Manual;
				DEVELOPMENT_TEAM = "";
				ENABLE_BITCODE = NO;
				INFOPLIST_FILE = "Dynamics Swift Sample/Info.plist";
				IPHONEOS_DEPLOYMENT_TARGET = 14.0;
				LD_RUNPATH_SEARCH_PATHS = "$(inherited) @executable_path/Frameworks";
				OTHER_LDFLAGS = (
					"$(inherited)",
					"-lstdc++",
					"-lz",
				);
				PRODUCT_BUNDLE_IDENTIFIER = com.waasample.goodapisample;
				PRODUCT_NAME = "$(TARGET_NAME)";
				PROVISIONING_PROFILE_SPECIFIER = "";
				SWIFT_VERSION = 5.0;
			};
			name = Debug;
		};
		8BE6A5EA1E5CE6CB006692EA /* Release */ = {
			isa = XCBuildConfiguration;
			baseConfigurationReference = B977D3F6EF209B61A5CBEEFF /* Pods-Dynamics Swift Sample.release.xcconfig */;
			buildSettings = {
				ASSETCATALOG_COMPILER_APPICON_NAME = AppIcon;
				CODE_SIGN_STYLE = Manual;
				DEVELOPMENT_TEAM = "";
				ENABLE_BITCODE = NO;
				INFOPLIST_FILE = "Dynamics Swift Sample/Info.plist";
				IPHONEOS_DEPLOYMENT_TARGET = 14.0;
				LD_RUNPATH_SEARCH_PATHS = "$(inherited) @executable_path/Frameworks";
				OTHER_LDFLAGS = (
					"$(inherited)",
					"-lstdc++",
					"-lz",
				);
				PRODUCT_BUNDLE_IDENTIFIER = com.waasample.goodapisample;
				PRODUCT_NAME = "$(TARGET_NAME)";
				PROVISIONING_PROFILE_SPECIFIER = "";
				SWIFT_VERSION = 5.0;
			};
			name = Release;
		};
/* End XCBuildConfiguration section */

/* Begin XCConfigurationList section */
		8BE6A5B61E5CE6CB006692EA /* Build configuration list for PBXProject "Dynamics Swift Sample" */ = {
			isa = XCConfigurationList;
			buildConfigurations = (
				8BE6A5E61E5CE6CB006692EA /* Debug */,
				8BE6A5E71E5CE6CB006692EA /* Release */,
			);
			defaultConfigurationIsVisible = 0;
			defaultConfigurationName = Release;
		};
		8BE6A5E81E5CE6CB006692EA /* Build configuration list for PBXNativeTarget "Dynamics Swift Sample" */ = {
			isa = XCConfigurationList;
			buildConfigurations = (
				8BE6A5E91E5CE6CB006692EA /* Debug */,
				8BE6A5EA1E5CE6CB006692EA /* Release */,
			);
			defaultConfigurationIsVisible = 0;
			defaultConfigurationName = Release;
		};
/* End XCConfigurationList section */

/* Begin XCVersionGroup section */
		1AD669852742B01500493B69 /* ColorModel.xcdatamodeld */ = {
			isa = XCVersionGroup;
			children = (
				1AD669862742B01500493B69 /* NotesModel.xcdatamodel */,
			);
			currentVersion = 1AD669862742B01500493B69 /* NotesModel.xcdatamodel */;
			path = ColorModel.xcdatamodeld;
			sourceTree = "<group>";
			versionGroupType = wrapper.xcdatamodel;
		};
/* End XCVersionGroup section */
	};
	rootObject = 8BE6A5B31E5CE6CB006692EA /* Project object */;
}
