<?xml version="1.0" encoding="UTF-8"?>
<!DOCTYPE plist PUBLIC "-//Apple//DTD PLIST 1.0//EN" "http://www.apple.com/DTDs/PropertyList-1.0.dtd">
<plist version="1.0">
<dict>
	<key>archiveVersion</key>
	<string>1</string>
	<key>classes</key>
	<dict/>
	<key>objectVersion</key>
	<string>60</string>
	<key>objects</key>
	<dict>
		<key>5638563023EC1EFE002E6E14</key>
		<dict>
			<key>isa</key>
			<string>PBXFileReference</string>
			<key>lastKnownFileType</key>
			<string>sourcecode.swift</string>
			<key>path</key>
			<string>UserInterfaceLauncher.swift</string>
			<key>sourceTree</key>
			<string>&lt;group&gt;</string>
		</dict>
		<key>5638563123EC1EFE002E6E14</key>
		<dict>
			<key>fileRef</key>
			<string>5638563023EC1EFE002E6E14</string>
			<key>isa</key>
			<string>PBXBuildFile</string>
		</dict>
		<key>5638563423EC5491002E6E14</key>
		<dict>
			<key>isa</key>
			<string>PBXFileReference</string>
			<key>lastKnownFileType</key>
			<string>sourcecode.swift</string>
			<key>path</key>
			<string>WeakWrapper.swift</string>
			<key>sourceTree</key>
			<string>&lt;group&gt;</string>
		</dict>
		<key>5638563523EC5491002E6E14</key>
		<dict>
			<key>fileRef</key>
			<string>5638563423EC5491002E6E14</string>
			<key>isa</key>
			<string>PBXBuildFile</string>
		</dict>
		<key>563891E822CD0CB600D3DBD8</key>
		<dict>
			<key>children</key>
			<array>
				<string>92A524CA2C63C246008FFAF7</string>
				<string>563891F322CD0CB600D3DBD8</string>
				<string>563891F222CD0CB600D3DBD8</string>
				<string>5638934B22CE1D7200D3DBD8</string>
			</array>
			<key>isa</key>
			<string>PBXGroup</string>
			<key>sourceTree</key>
			<string>&lt;group&gt;</string>
		</dict>
		<key>563891E922CD0CB600D3DBD8</key>
		<dict>
			<key>attributes</key>
			<dict>
				<key>BuildIndependentTargetsInParallel</key>
				<string>YES</string>
				<key>LastSwiftUpdateCheck</key>
				<string>1100</string>
				<key>LastUpgradeCheck</key>
				<string>1600</string>
				<key>ORGANIZATIONNAME</key>
				<string>BlackBerry</string>
				<key>TargetAttributes</key>
				<dict>
					<key>563891F022CD0CB600D3DBD8</key>
					<dict>
						<key>CreatedOnToolsVersion</key>
						<string>11.0</string>
						<key>LastSwiftMigration</key>
						<string>1100</string>
					</dict>
				</dict>
			</dict>
			<key>buildConfigurationList</key>
			<string>563891EC22CD0CB600D3DBD8</string>
			<key>compatibilityVersion</key>
			<string>Xcode 15.0</string>
			<key>developmentRegion</key>
			<string>en</string>
			<key>hasScannedForEncodings</key>
			<string>0</string>
			<key>isa</key>
			<string>PBXProject</string>
			<key>knownRegions</key>
			<array>
				<string>en</string>
				<string>Base</string>
				<string>ja</string>
				<string>pt-PT</string>
				<string>fr</string>
				<string>nl</string>
				<string>es</string>
				<string>da</string>
				<string>pt</string>
				<string>it</string>
				<string>sv</string>
				<string>ko</string>
				<string>zh-Hans</string>
				<string>de</string>
			</array>
			<key>mainGroup</key>
			<string>563891E822CD0CB600D3DBD8</string>
			<key>productRefGroup</key>
			<string>563891F222CD0CB600D3DBD8</string>
			<key>projectDirPath</key>
			<string></string>
			<key>projectRoot</key>
			<string></string>
			<key>targets</key>
			<array>
				<string>563891F022CD0CB600D3DBD8</string>
			</array>
		</dict>
		<key>563891EC22CD0CB600D3DBD8</key>
		<dict>
			<key>buildConfigurations</key>
			<array>
				<string>5638920322CD0CB700D3DBD8</string>
				<string>5638920422CD0CB700D3DBD8</string>
			</array>
			<key>defaultConfigurationIsVisible</key>
			<string>0</string>
			<key>defaultConfigurationName</key>
			<string>Release</string>
			<key>isa</key>
			<string>XCConfigurationList</string>
		</dict>
		<key>563891ED22CD0CB600D3DBD8</key>
		<dict>
			<key>buildActionMask</key>
			<string>2147483647</string>
			<key>files</key>
			<array>
				<string>5638920A22CD10EB00D3DBD8</string>
				<string>5638922622CDF67B00D3DBD8</string>
				<string>5638922222CDF5A900D3DBD8</string>
				<string>5638921422CD12EA00D3DBD8</string>
				<string>5638921222CD128C00D3DBD8</string>
				<string>5638921722CD163B00D3DBD8</string>
				<string>5638563523EC5491002E6E14</string>
				<string>563891F522CD0CB600D3DBD8</string>
				<string>5638563123EC1EFE002E6E14</string>
				<string>5638936422CE215000D3DBD8</string>
				<string>5638922922CDFA0000D3DBD8</string>
				<string>5638927122CE13C200D3DBD8</string>
				<string>5638921922CD18CC00D3DBD8</string>
				<string>563891F722CD0CB600D3DBD8</string>
				<string>5638921B22CD18F200D3DBD8</string>
				<string>5638921F22CD200000D3DBD8</string>
				<string>5638922422CDF61400D3DBD8</string>
				<string>5638920D22CD121800D3DBD8</string>
				<string>5638920F22CD122E00D3DBD8</string>
				<string>5638921D22CD1DDA00D3DBD8</string>
			</array>
			<key>isa</key>
			<string>PBXSourcesBuildPhase</string>
			<key>runOnlyForDeploymentPostprocessing</key>
			<string>0</string>
		</dict>
		<key>563891EE22CD0CB600D3DBD8</key>
		<dict>
			<key>buildActionMask</key>
			<string>2147483647</string>
			<key>files</key>
			<array>
				<string>5638935722CE1EB400D3DBD8</string>
				<string>5638935922CE1EC600D3DBD8</string>
				<string>5638935F22CE1F3600D3DBD8</string>
				<string>5638935222CE1E7300D3DBD8</string>
				<string>5638935622CE1EA500D3DBD8</string>
				<string>5638935422CE1E7700D3DBD8</string>
				<string>5638935B22CE1EEE00D3DBD8</string>
				<string>5638935022CE1E5700D3DBD8</string>
				<string>7D9530F023FECBF500D3AB60</string>
				<string>99E0BDC325C45BB00079A1D7</string>
				<string>5638935D22CE1F1000D3DBD8</string>
				<string>56FFB3C02362DD5A00996162</string>
			</array>
			<key>isa</key>
			<string>PBXFrameworksBuildPhase</string>
			<key>runOnlyForDeploymentPostprocessing</key>
			<string>0</string>
		</dict>
		<key>563891EF22CD0CB600D3DBD8</key>
		<dict>
			<key>buildActionMask</key>
			<string>2147483647</string>
			<key>files</key>
			<array>
				<string>5638933E22CE1A6F00D3DBD8</string>
				<string>5638920122CD0CB700D3DBD8</string>
				<string>5638925222CE10E700D3DBD8</string>
				<string>5638925A22CE122300D3DBD8</string>
				<string>563891FC22CD0CB600D3DBD8</string>
				<string>92A524CC2C63C246008FFAF7</string>
			</array>
			<key>isa</key>
			<string>PBXResourcesBuildPhase</string>
			<key>runOnlyForDeploymentPostprocessing</key>
			<string>0</string>
		</dict>
		<key>563891F022CD0CB600D3DBD8</key>
		<dict>
			<key>buildConfigurationList</key>
			<string>5638920522CD0CB700D3DBD8</string>
			<key>buildPhases</key>
			<array>
				<string>563891ED22CD0CB600D3DBD8</string>
				<string>563891EE22CD0CB600D3DBD8</string>
				<string>563891EF22CD0CB600D3DBD8</string>
			</array>
			<key>buildRules</key>
			<array/>
			<key>dependencies</key>
			<array/>
			<key>isa</key>
			<string>PBXNativeTarget</string>
			<key>name</key>
			<string>SceneDelegate</string>
			<key>productName</key>
			<string>SceneDelegate</string>
			<key>productReference</key>
			<string>563891F122CD0CB600D3DBD8</string>
			<key>productType</key>
			<string>com.apple.product-type.application</string>
		</dict>
		<key>563891F122CD0CB600D3DBD8</key>
		<dict>
			<key>explicitFileType</key>
			<string>wrapper.application</string>
			<key>includeInIndex</key>
			<string>0</string>
			<key>isa</key>
			<string>PBXFileReference</string>
			<key>path</key>
			<string>SceneDelegate.app</string>
			<key>sourceTree</key>
			<string>BUILT_PRODUCTS_DIR</string>
		</dict>
		<key>563891F222CD0CB600D3DBD8</key>
		<dict>
			<key>children</key>
			<array>
				<string>563891F122CD0CB600D3DBD8</string>
			</array>
			<key>isa</key>
			<string>PBXGroup</string>
			<key>name</key>
			<string>Products</string>
			<key>sourceTree</key>
			<string>&lt;group&gt;</string>
		</dict>
		<key>563891F322CD0CB600D3DBD8</key>
		<dict>
			<key>children</key>
			<array>
				<string>F6EBC7822A65751C007B3620</string>
				<string>5638920822CD0E6400D3DBD8</string>
				<string>5638921522CD162200D3DBD8</string>
				<string>5638920B22CD120100D3DBD8</string>
				<string>5638921022CD125800D3DBD8</string>
				<string>5638922022CDF3E100D3DBD8</string>
				<string>5638924C22CE0C5700D3DBD8</string>
				<string>5638924D22CE0C6A00D3DBD8</string>
			</array>
			<key>isa</key>
			<string>PBXGroup</string>
			<key>path</key>
			<string>SceneDelegate</string>
			<key>sourceTree</key>
			<string>&lt;group&gt;</string>
		</dict>
		<key>563891F422CD0CB600D3DBD8</key>
		<dict>
			<key>isa</key>
			<string>PBXFileReference</string>
			<key>lastKnownFileType</key>
			<string>sourcecode.swift</string>
			<key>path</key>
			<string>AppDelegate.swift</string>
			<key>sourceTree</key>
			<string>&lt;group&gt;</string>
		</dict>
		<key>563891F522CD0CB600D3DBD8</key>
		<dict>
			<key>fileRef</key>
			<string>563891F422CD0CB600D3DBD8</string>
			<key>isa</key>
			<string>PBXBuildFile</string>
		</dict>
		<key>563891F622CD0CB600D3DBD8</key>
		<dict>
			<key>isa</key>
			<string>PBXFileReference</string>
			<key>lastKnownFileType</key>
			<string>sourcecode.swift</string>
			<key>path</key>
			<string>GreenSceneDelegate.swift</string>
			<key>sourceTree</key>
			<string>&lt;group&gt;</string>
		</dict>
		<key>563891F722CD0CB600D3DBD8</key>
		<dict>
			<key>fileRef</key>
			<string>563891F622CD0CB600D3DBD8</string>
			<key>isa</key>
			<string>PBXBuildFile</string>
		</dict>
		<key>563891FA22CD0CB600D3DBD8</key>
		<dict>
			<key>children</key>
			<array>
				<string>563891FB22CD0CB600D3DBD8</string>
			</array>
			<key>isa</key>
			<string>PBXVariantGroup</string>
			<key>name</key>
			<string>Main.storyboard</string>
			<key>sourceTree</key>
			<string>&lt;group&gt;</string>
		</dict>
		<key>563891FB22CD0CB600D3DBD8</key>
		<dict>
			<key>isa</key>
			<string>PBXFileReference</string>
			<key>lastKnownFileType</key>
			<string>file.storyboard</string>
			<key>name</key>
			<string>Base</string>
			<key>path</key>
			<string>Base.lproj/Main.storyboard</string>
			<key>sourceTree</key>
			<string>&lt;group&gt;</string>
		</dict>
		<key>563891FC22CD0CB600D3DBD8</key>
		<dict>
			<key>fileRef</key>
			<string>563891FA22CD0CB600D3DBD8</string>
			<key>isa</key>
			<string>PBXBuildFile</string>
		</dict>
		<key>563891FF22CD0CB700D3DBD8</key>
		<dict>
			<key>children</key>
			<array>
				<string>5638920022CD0CB700D3DBD8</string>
			</array>
			<key>isa</key>
			<string>PBXVariantGroup</string>
			<key>name</key>
			<string>LaunchScreen.storyboard</string>
			<key>sourceTree</key>
			<string>&lt;group&gt;</string>
		</dict>
		<key>5638920022CD0CB700D3DBD8</key>
		<dict>
			<key>isa</key>
			<string>PBXFileReference</string>
			<key>lastKnownFileType</key>
			<string>file.storyboard</string>
			<key>name</key>
			<string>Base</string>
			<key>path</key>
			<string>Base.lproj/LaunchScreen.storyboard</string>
			<key>sourceTree</key>
			<string>&lt;group&gt;</string>
		</dict>
		<key>5638920122CD0CB700D3DBD8</key>
		<dict>
			<key>fileRef</key>
			<string>563891FF22CD0CB700D3DBD8</string>
			<key>isa</key>
			<string>PBXBuildFile</string>
		</dict>
		<key>5638920222CD0CB700D3DBD8</key>
		<dict>
			<key>isa</key>
			<string>PBXFileReference</string>
			<key>lastKnownFileType</key>
			<string>text.plist.xml</string>
			<key>path</key>
			<string>Info.plist</string>
			<key>sourceTree</key>
			<string>&lt;group&gt;</string>
		</dict>
		<key>5638920322CD0CB700D3DBD8</key>
		<dict>
			<key>buildSettings</key>
			<dict>
				<key>ALWAYS_SEARCH_USER_PATHS</key>
				<string>NO</string>
				<key>ASSETCATALOG_COMPILER_GENERATE_SWIFT_ASSET_SYMBOL_EXTENSIONS</key>
				<string>YES</string>
				<key>CLANG_ANALYZER_LOCALIZABILITY_NONLOCALIZED</key>
				<string>YES</string>
				<key>CLANG_ANALYZER_NONNULL</key>
				<string>YES</string>
				<key>CLANG_ANALYZER_NUMBER_OBJECT_CONVERSION</key>
				<string>YES_AGGRESSIVE</string>
				<key>CLANG_CXX_LANGUAGE_STANDARD</key>
				<string>gnu++14</string>
				<key>CLANG_CXX_LIBRARY</key>
				<string>libc++</string>
				<key>CLANG_ENABLE_MODULES</key>
				<string>YES</string>
				<key>CLANG_ENABLE_OBJC_ARC</key>
				<string>YES</string>
				<key>CLANG_ENABLE_OBJC_WEAK</key>
				<string>YES</string>
				<key>CLANG_WARN_BLOCK_CAPTURE_AUTORELEASING</key>
				<string>YES</string>
				<key>CLANG_WARN_BOOL_CONVERSION</key>
				<string>YES</string>
				<key>CLANG_WARN_COMMA</key>
				<string>YES</string>
				<key>CLANG_WARN_CONSTANT_CONVERSION</key>
				<string>YES</string>
				<key>CLANG_WARN_DEPRECATED_OBJC_IMPLEMENTATIONS</key>
				<string>YES</string>
				<key>CLANG_WARN_DIRECT_OBJC_ISA_USAGE</key>
				<string>YES_ERROR</string>
				<key>CLANG_WARN_DOCUMENTATION_COMMENTS</key>
				<string>YES</string>
				<key>CLANG_WARN_EMPTY_BODY</key>
				<string>YES</string>
				<key>CLANG_WARN_ENUM_CONVERSION</key>
				<string>YES</string>
				<key>CLANG_WARN_INFINITE_RECURSION</key>
				<string>YES</string>
				<key>CLANG_WARN_INT_CONVERSION</key>
				<string>YES</string>
				<key>CLANG_WARN_NON_LITERAL_NULL_CONVERSION</key>
				<string>YES</string>
				<key>CLANG_WARN_OBJC_IMPLICIT_RETAIN_SELF</key>
				<string>YES</string>
				<key>CLANG_WARN_OBJC_LITERAL_CONVERSION</key>
				<string>YES</string>
				<key>CLANG_WARN_OBJC_ROOT_CLASS</key>
				<string>YES_ERROR</string>
				<key>CLANG_WARN_QUOTED_INCLUDE_IN_FRAMEWORK_HEADER</key>
				<string>YES</string>
				<key>CLANG_WARN_RANGE_LOOP_ANALYSIS</key>
				<string>YES</string>
				<key>CLANG_WARN_STRICT_PROTOTYPES</key>
				<string>YES</string>
				<key>CLANG_WARN_SUSPICIOUS_MOVE</key>
				<string>YES</string>
				<key>CLANG_WARN_UNGUARDED_AVAILABILITY</key>
				<string>YES_AGGRESSIVE</string>
				<key>CLANG_WARN_UNREACHABLE_CODE</key>
				<string>YES</string>
				<key>CLANG_WARN__DUPLICATE_METHOD_MATCH</key>
				<string>YES</string>
				<key>CODE_SIGN_ENTITLEMENTS</key>
				<string>SceneDelegate/SceneDelegate.entitlements</string>
				<key>COPY_PHASE_STRIP</key>
				<string>NO</string>
				<key>ENABLE_STRICT_OBJC_MSGSEND</key>
				<string>YES</string>
				<key>ENABLE_TESTABILITY</key>
				<string>YES</string>
				<key>GCC_C_LANGUAGE_STANDARD</key>
				<string>gnu11</string>
				<key>GCC_DYNAMIC_NO_PIC</key>
				<string>NO</string>
				<key>GCC_NO_COMMON_BLOCKS</key>
				<string>YES</string>
				<key>GCC_OPTIMIZATION_LEVEL</key>
				<string>0</string>
				<key>GCC_PREPROCESSOR_DEFINITIONS</key>
				<array>
					<string>DEBUG=1</string>
					<string>$(inherited)</string>
				</array>
				<key>GCC_WARN_64_TO_32_BIT_CONVERSION</key>
				<string>YES</string>
				<key>GCC_WARN_ABOUT_RETURN_TYPE</key>
				<string>YES_ERROR</string>
				<key>GCC_WARN_UNDECLARED_SELECTOR</key>
				<string>YES</string>
				<key>GCC_WARN_UNINITIALIZED_AUTOS</key>
				<string>YES_AGGRESSIVE</string>
				<key>GCC_WARN_UNUSED_FUNCTION</key>
				<string>YES</string>
				<key>GCC_WARN_UNUSED_VARIABLE</key>
				<string>YES</string>
				<key>IPHONEOS_DEPLOYMENT_TARGET</key>
				<string>16.0</string>
				<key>MTL_ENABLE_DEBUG_INFO</key>
				<string>INCLUDE_SOURCE</string>
				<key>MTL_FAST_MATH</key>
				<string>YES</string>
				<key>ONLY_ACTIVE_ARCH</key>
				<string>YES</string>
				<key>SDKROOT</key>
				<string>iphoneos</string>
				<key>SWIFT_ACTIVE_COMPILATION_CONDITIONS</key>
				<string>DEBUG</string>
				<key>SWIFT_OPTIMIZATION_LEVEL</key>
				<string>-Onone</string>
			</dict>
			<key>isa</key>
			<string>XCBuildConfiguration</string>
			<key>name</key>
			<string>Debug</string>
		</dict>
		<key>5638920422CD0CB700D3DBD8</key>
		<dict>
			<key>buildSettings</key>
			<dict>
				<key>ALWAYS_SEARCH_USER_PATHS</key>
				<string>NO</string>
				<key>ASSETCATALOG_COMPILER_GENERATE_SWIFT_ASSET_SYMBOL_EXTENSIONS</key>
				<string>YES</string>
				<key>CLANG_ANALYZER_LOCALIZABILITY_NONLOCALIZED</key>
				<string>YES</string>
				<key>CLANG_ANALYZER_NONNULL</key>
				<string>YES</string>
				<key>CLANG_ANALYZER_NUMBER_OBJECT_CONVERSION</key>
				<string>YES_AGGRESSIVE</string>
				<key>CLANG_CXX_LANGUAGE_STANDARD</key>
				<string>gnu++14</string>
				<key>CLANG_CXX_LIBRARY</key>
				<string>libc++</string>
				<key>CLANG_ENABLE_MODULES</key>
				<string>YES</string>
				<key>CLANG_ENABLE_OBJC_ARC</key>
				<string>YES</string>
				<key>CLANG_ENABLE_OBJC_WEAK</key>
				<string>YES</string>
				<key>CLANG_WARN_BLOCK_CAPTURE_AUTORELEASING</key>
				<string>YES</string>
				<key>CLANG_WARN_BOOL_CONVERSION</key>
				<string>YES</string>
				<key>CLANG_WARN_COMMA</key>
				<string>YES</string>
				<key>CLANG_WARN_CONSTANT_CONVERSION</key>
				<string>YES</string>
				<key>CLANG_WARN_DEPRECATED_OBJC_IMPLEMENTATIONS</key>
				<string>YES</string>
				<key>CLANG_WARN_DIRECT_OBJC_ISA_USAGE</key>
				<string>YES_ERROR</string>
				<key>CLANG_WARN_DOCUMENTATION_COMMENTS</key>
				<string>YES</string>
				<key>CLANG_WARN_EMPTY_BODY</key>
				<string>YES</string>
				<key>CLANG_WARN_ENUM_CONVERSION</key>
				<string>YES</string>
				<key>CLANG_WARN_INFINITE_RECURSION</key>
				<string>YES</string>
				<key>CLANG_WARN_INT_CONVERSION</key>
				<string>YES</string>
				<key>CLANG_WARN_NON_LITERAL_NULL_CONVERSION</key>
				<string>YES</string>
				<key>CLANG_WARN_OBJC_IMPLICIT_RETAIN_SELF</key>
				<string>YES</string>
				<key>CLANG_WARN_OBJC_LITERAL_CONVERSION</key>
				<string>YES</string>
				<key>CLANG_WARN_OBJC_ROOT_CLASS</key>
				<string>YES_ERROR</string>
				<key>CLANG_WARN_QUOTED_INCLUDE_IN_FRAMEWORK_HEADER</key>
				<string>YES</string>
				<key>CLANG_WARN_RANGE_LOOP_ANALYSIS</key>
				<string>YES</string>
				<key>CLANG_WARN_STRICT_PROTOTYPES</key>
				<string>YES</string>
				<key>CLANG_WARN_SUSPICIOUS_MOVE</key>
				<string>YES</string>
				<key>CLANG_WARN_UNGUARDED_AVAILABILITY</key>
				<string>YES_AGGRESSIVE</string>
				<key>CLANG_WARN_UNREACHABLE_CODE</key>
				<string>YES</string>
				<key>CLANG_WARN__DUPLICATE_METHOD_MATCH</key>
				<string>YES</string>
				<key>CODE_SIGN_ENTITLEMENTS</key>
				<string>SceneDelegate/SceneDelegate.entitlements</string>
				<key>COPY_PHASE_STRIP</key>
				<string>NO</string>
				<key>ENABLE_NS_ASSERTIONS</key>
				<string>NO</string>
				<key>ENABLE_STRICT_OBJC_MSGSEND</key>
				<string>YES</string>
				<key>GCC_C_LANGUAGE_STANDARD</key>
				<string>gnu11</string>
				<key>GCC_NO_COMMON_BLOCKS</key>
				<string>YES</string>
				<key>GCC_WARN_64_TO_32_BIT_CONVERSION</key>
				<string>YES</string>
				<key>GCC_WARN_ABOUT_RETURN_TYPE</key>
				<string>YES_ERROR</string>
				<key>GCC_WARN_UNDECLARED_SELECTOR</key>
				<string>YES</string>
				<key>GCC_WARN_UNINITIALIZED_AUTOS</key>
				<string>YES_AGGRESSIVE</string>
				<key>GCC_WARN_UNUSED_FUNCTION</key>
				<string>YES</string>
				<key>GCC_WARN_UNUSED_VARIABLE</key>
				<string>YES</string>
				<key>IPHONEOS_DEPLOYMENT_TARGET</key>
				<string>16.0</string>
				<key>MTL_ENABLE_DEBUG_INFO</key>
				<string>NO</string>
				<key>MTL_FAST_MATH</key>
				<string>YES</string>
				<key>SDKROOT</key>
				<string>iphoneos</string>
				<key>SWIFT_COMPILATION_MODE</key>
				<string>wholemodule</string>
				<key>SWIFT_OPTIMIZATION_LEVEL</key>
				<string>-O</string>
				<key>VALIDATE_PRODUCT</key>
				<string>YES</string>
			</dict>
			<key>isa</key>
			<string>XCBuildConfiguration</string>
			<key>name</key>
			<string>Release</string>
		</dict>
		<key>5638920522CD0CB700D3DBD8</key>
		<dict>
			<key>buildConfigurations</key>
			<array>
				<string>5638920622CD0CB700D3DBD8</string>
				<string>5638920722CD0CB700D3DBD8</string>
			</array>
			<key>defaultConfigurationIsVisible</key>
			<string>0</string>
			<key>defaultConfigurationName</key>
			<string>Release</string>
			<key>isa</key>
			<string>XCConfigurationList</string>
		</dict>
		<key>5638920622CD0CB700D3DBD8</key>
		<dict>
			<key>buildSettings</key>
			<dict>
				<key>ASSETCATALOG_COMPILER_APPICON_NAME</key>
				<string>AppIcon</string>
				<key>CLANG_ENABLE_MODULES</key>
				<string>YES</string>
				<key>CODE_SIGN_ENTITLEMENTS</key>
				<string>SceneDelegate/SceneDelegate.entitlements</string>
				<key>INFOPLIST_FILE</key>
				<string>SceneDelegate/Supporting Files/Info.plist</string>
				<key>LD_RUNPATH_SEARCH_PATHS</key>
				<array>
					<string>$(inherited)</string>
					<string>@executable_path/Frameworks</string>
				</array>
				<key>PRODUCT_BUNDLE_IDENTIFIER</key>
				<string>com.blackberry.dynamics.sample.scenedelegate</string>
				<key>PRODUCT_NAME</key>
				<string>$(TARGET_NAME)</string>
				<key>SWIFT_OPTIMIZATION_LEVEL</key>
				<string>-Onone</string>
				<key>SWIFT_VERSION</key>
				<string>5.0</string>
			</dict>
			<key>isa</key>
			<string>XCBuildConfiguration</string>
			<key>name</key>
			<string>Debug</string>
		</dict>
		<key>5638920722CD0CB700D3DBD8</key>
		<dict>
			<key>buildSettings</key>
			<dict>
				<key>ASSETCATALOG_COMPILER_APPICON_NAME</key>
				<string>AppIcon</string>
				<key>CLANG_ENABLE_MODULES</key>
				<string>YES</string>
				<key>CODE_SIGN_ENTITLEMENTS</key>
				<string>SceneDelegate/SceneDelegate.entitlements</string>
				<key>INFOPLIST_FILE</key>
				<string>SceneDelegate/Supporting Files/Info.plist</string>
				<key>LD_RUNPATH_SEARCH_PATHS</key>
				<array>
					<string>$(inherited)</string>
					<string>@executable_path/Frameworks</string>
				</array>
				<key>PRODUCT_BUNDLE_IDENTIFIER</key>
				<string>com.blackberry.dynamics.sample.scenedelegate</string>
				<key>PRODUCT_NAME</key>
				<string>$(TARGET_NAME)</string>
				<key>SWIFT_VERSION</key>
				<string>5.0</string>
			</dict>
			<key>isa</key>
			<string>XCBuildConfiguration</string>
			<key>name</key>
			<string>Release</string>
		</dict>
		<key>5638920822CD0E6400D3DBD8</key>
		<dict>
			<key>children</key>
			<array>
				<string>563891F422CD0CB600D3DBD8</string>
				<string>5638936322CE215000D3DBD8</string>
				<string>563891F622CD0CB600D3DBD8</string>
				<string>5638920922CD10EB00D3DBD8</string>
				<string>5638922122CDF5A900D3DBD8</string>
			</array>
			<key>isa</key>
			<string>PBXGroup</string>
			<key>path</key>
			<string>Delegates</string>
			<key>sourceTree</key>
			<string>&lt;group&gt;</string>
		</dict>
		<key>5638920922CD10EB00D3DBD8</key>
		<dict>
			<key>isa</key>
			<string>PBXFileReference</string>
			<key>lastKnownFileType</key>
			<string>sourcecode.swift</string>
			<key>path</key>
			<string>OrangeSceneDelegate.swift</string>
			<key>sourceTree</key>
			<string>&lt;group&gt;</string>
		</dict>
		<key>5638920A22CD10EB00D3DBD8</key>
		<dict>
			<key>fileRef</key>
			<string>5638920922CD10EB00D3DBD8</string>
			<key>isa</key>
			<string>PBXBuildFile</string>
		</dict>
		<key>5638920B22CD120100D3DBD8</key>
		<dict>
			<key>children</key>
			<array>
				<string>5638921E22CD200000D3DBD8</string>
				<string>5638921322CD12EA00D3DBD8</string>
				<string>5638920C22CD121800D3DBD8</string>
				<string>5638920E22CD122E00D3DBD8</string>
				<string>5638922322CDF61400D3DBD8</string>
			</array>
			<key>isa</key>
			<string>PBXGroup</string>
			<key>path</key>
			<string>Views</string>
			<key>sourceTree</key>
			<string>&lt;group&gt;</string>
		</dict>
		<key>5638920C22CD121800D3DBD8</key>
		<dict>
			<key>isa</key>
			<string>PBXFileReference</string>
			<key>lastKnownFileType</key>
			<string>sourcecode.swift</string>
			<key>path</key>
			<string>GreenSceneViewController.swift</string>
			<key>sourceTree</key>
			<string>&lt;group&gt;</string>
		</dict>
		<key>5638920D22CD121800D3DBD8</key>
		<dict>
			<key>fileRef</key>
			<string>5638920C22CD121800D3DBD8</string>
			<key>isa</key>
			<string>PBXBuildFile</string>
		</dict>
		<key>5638920E22CD122E00D3DBD8</key>
		<dict>
			<key>isa</key>
			<string>PBXFileReference</string>
			<key>lastKnownFileType</key>
			<string>sourcecode.swift</string>
			<key>path</key>
			<string>OrangeSceneViewController.swift</string>
			<key>sourceTree</key>
			<string>&lt;group&gt;</string>
		</dict>
		<key>5638920F22CD122E00D3DBD8</key>
		<dict>
			<key>fileRef</key>
			<string>5638920E22CD122E00D3DBD8</string>
			<key>isa</key>
			<string>PBXBuildFile</string>
		</dict>
		<key>5638921022CD125800D3DBD8</key>
		<dict>
			<key>children</key>
			<array>
				<string>5638921122CD128C00D3DBD8</string>
				<string>5638921822CD18CC00D3DBD8</string>
				<string>5638921A22CD18F200D3DBD8</string>
				<string>5638922522CDF67B00D3DBD8</string>
			</array>
			<key>isa</key>
			<string>PBXGroup</string>
			<key>path</key>
			<string>Presenters</string>
			<key>sourceTree</key>
			<string>&lt;group&gt;</string>
		</dict>
		<key>5638921122CD128C00D3DBD8</key>
		<dict>
			<key>isa</key>
			<string>PBXFileReference</string>
			<key>lastKnownFileType</key>
			<string>sourcecode.swift</string>
			<key>path</key>
			<string>ColorViewControllerPresenter.swift</string>
			<key>sourceTree</key>
			<string>&lt;group&gt;</string>
		</dict>
		<key>5638921222CD128C00D3DBD8</key>
		<dict>
			<key>fileRef</key>
			<string>5638921122CD128C00D3DBD8</string>
			<key>isa</key>
			<string>PBXBuildFile</string>
		</dict>
		<key>5638921322CD12EA00D3DBD8</key>
		<dict>
			<key>isa</key>
			<string>PBXFileReference</string>
			<key>lastKnownFileType</key>
			<string>sourcecode.swift</string>
			<key>path</key>
			<string>ColorViewController.swift</string>
			<key>sourceTree</key>
			<string>&lt;group&gt;</string>
		</dict>
		<key>5638921422CD12EA00D3DBD8</key>
		<dict>
			<key>fileRef</key>
			<string>5638921322CD12EA00D3DBD8</string>
			<key>isa</key>
			<string>PBXBuildFile</string>
		</dict>
		<key>5638921522CD162200D3DBD8</key>
		<dict>
			<key>children</key>
			<array>
				<string>5638921622CD163B00D3DBD8</string>
			</array>
			<key>isa</key>
			<string>PBXGroup</string>
			<key>path</key>
			<string>Models</string>
			<key>sourceTree</key>
			<string>&lt;group&gt;</string>
		</dict>
		<key>5638921622CD163B00D3DBD8</key>
		<dict>
			<key>isa</key>
			<string>PBXFileReference</string>
			<key>lastKnownFileType</key>
			<string>sourcecode.swift</string>
			<key>path</key>
			<string>ColorSceneType.swift</string>
			<key>sourceTree</key>
			<string>&lt;group&gt;</string>
		</dict>
		<key>5638921722CD163B00D3DBD8</key>
		<dict>
			<key>fileRef</key>
			<string>5638921622CD163B00D3DBD8</string>
			<key>isa</key>
			<string>PBXBuildFile</string>
		</dict>
		<key>5638921822CD18CC00D3DBD8</key>
		<dict>
			<key>isa</key>
			<string>PBXFileReference</string>
			<key>lastKnownFileType</key>
			<string>sourcecode.swift</string>
			<key>path</key>
			<string>GreenViewControllerPresenter.swift</string>
			<key>sourceTree</key>
			<string>&lt;group&gt;</string>
		</dict>
		<key>5638921922CD18CC00D3DBD8</key>
		<dict>
			<key>fileRef</key>
			<string>5638921822CD18CC00D3DBD8</string>
			<key>isa</key>
			<string>PBXBuildFile</string>
		</dict>
		<key>5638921A22CD18F200D3DBD8</key>
		<dict>
			<key>isa</key>
			<string>PBXFileReference</string>
			<key>lastKnownFileType</key>
			<string>sourcecode.swift</string>
			<key>path</key>
			<string>OrangeViewControllerPresenter.swift</string>
			<key>sourceTree</key>
			<string>&lt;group&gt;</string>
		</dict>
		<key>5638921B22CD18F200D3DBD8</key>
		<dict>
			<key>fileRef</key>
			<string>5638921A22CD18F200D3DBD8</string>
			<key>isa</key>
			<string>PBXBuildFile</string>
		</dict>
		<key>5638921C22CD1DDA00D3DBD8</key>
		<dict>
			<key>isa</key>
			<string>PBXFileReference</string>
			<key>lastKnownFileType</key>
			<string>sourcecode.swift</string>
			<key>path</key>
			<string>ScenesManager.swift</string>
			<key>sourceTree</key>
			<string>&lt;group&gt;</string>
		</dict>
		<key>5638921D22CD1DDA00D3DBD8</key>
		<dict>
			<key>fileRef</key>
			<string>5638921C22CD1DDA00D3DBD8</string>
			<key>isa</key>
			<string>PBXBuildFile</string>
		</dict>
		<key>5638921E22CD200000D3DBD8</key>
		<dict>
			<key>isa</key>
			<string>PBXFileReference</string>
			<key>lastKnownFileType</key>
			<string>sourcecode.swift</string>
			<key>path</key>
			<string>ErrorHandlerView.swift</string>
			<key>sourceTree</key>
			<string>&lt;group&gt;</string>
		</dict>
		<key>5638921F22CD200000D3DBD8</key>
		<dict>
			<key>fileRef</key>
			<string>5638921E22CD200000D3DBD8</string>
			<key>isa</key>
			<string>PBXBuildFile</string>
		</dict>
		<key>5638922022CDF3E100D3DBD8</key>
		<dict>
			<key>children</key>
			<array>
				<string>5638563423EC5491002E6E14</string>
				<string>5638921C22CD1DDA00D3DBD8</string>
				<string>5638563023EC1EFE002E6E14</string>
				<string>5638927022CE13C200D3DBD8</string>
				<string>5638922822CDFA0000D3DBD8</string>
			</array>
			<key>isa</key>
			<string>PBXGroup</string>
			<key>path</key>
			<string>Helpers</string>
			<key>sourceTree</key>
			<string>&lt;group&gt;</string>
		</dict>
		<key>5638922122CDF5A900D3DBD8</key>
		<dict>
			<key>isa</key>
			<string>PBXFileReference</string>
			<key>lastKnownFileType</key>
			<string>sourcecode.swift</string>
			<key>path</key>
			<string>RandomSceneDelegate.swift</string>
			<key>sourceTree</key>
			<string>&lt;group&gt;</string>
		</dict>
		<key>5638922222CDF5A900D3DBD8</key>
		<dict>
			<key>fileRef</key>
			<string>5638922122CDF5A900D3DBD8</string>
			<key>isa</key>
			<string>PBXBuildFile</string>
		</dict>
		<key>5638922322CDF61400D3DBD8</key>
		<dict>
			<key>isa</key>
			<string>PBXFileReference</string>
			<key>lastKnownFileType</key>
			<string>sourcecode.swift</string>
			<key>path</key>
			<string>RandomSceneViewController.swift</string>
			<key>sourceTree</key>
			<string>&lt;group&gt;</string>
		</dict>
		<key>5638922422CDF61400D3DBD8</key>
		<dict>
			<key>fileRef</key>
			<string>5638922322CDF61400D3DBD8</string>
			<key>isa</key>
			<string>PBXBuildFile</string>
		</dict>
		<key>5638922522CDF67B00D3DBD8</key>
		<dict>
			<key>isa</key>
			<string>PBXFileReference</string>
			<key>lastKnownFileType</key>
			<string>sourcecode.swift</string>
			<key>path</key>
			<string>RandomViewControllerPresenter.swift</string>
			<key>sourceTree</key>
			<string>&lt;group&gt;</string>
		</dict>
		<key>5638922622CDF67B00D3DBD8</key>
		<dict>
			<key>fileRef</key>
			<string>5638922522CDF67B00D3DBD8</string>
			<key>isa</key>
			<string>PBXBuildFile</string>
		</dict>
		<key>5638922822CDFA0000D3DBD8</key>
		<dict>
			<key>isa</key>
			<string>PBXFileReference</string>
			<key>lastKnownFileType</key>
			<string>sourcecode.swift</string>
			<key>path</key>
			<string>UIColor+RandomSystemColor.swift</string>
			<key>sourceTree</key>
			<string>&lt;group&gt;</string>
		</dict>
		<key>5638922922CDFA0000D3DBD8</key>
		<dict>
			<key>fileRef</key>
			<string>5638922822CDFA0000D3DBD8</string>
			<key>isa</key>
			<string>PBXBuildFile</string>
		</dict>
		<key>5638924C22CE0C5700D3DBD8</key>
		<dict>
			<key>children</key>
			<array>
				<string>563891FA22CD0CB600D3DBD8</string>
				<string>563891FF22CD0CB700D3DBD8</string>
			</array>
			<key>isa</key>
			<string>PBXGroup</string>
			<key>path</key>
			<string>Storyboards</string>
			<key>sourceTree</key>
			<string>&lt;group&gt;</string>
		</dict>
		<key>5638924D22CE0C6A00D3DBD8</key>
		<dict>
			<key>children</key>
			<array>
				<string>5638926E22CE12A900D3DBD8</string>
				<string>5638920222CD0CB700D3DBD8</string>
				<string>5638925722CE122200D3DBD8</string>
			</array>
			<key>isa</key>
			<string>PBXGroup</string>
			<key>path</key>
			<string>Supporting Files</string>
			<key>sourceTree</key>
			<string>&lt;group&gt;</string>
		</dict>
		<key>5638925122CE10E700D3DBD8</key>
		<dict>
			<key>isa</key>
			<string>PBXFileReference</string>
			<key>lastKnownFileType</key>
			<string>folder.assetcatalog</string>
			<key>path</key>
			<string>Assets.xcassets</string>
			<key>sourceTree</key>
			<string>&lt;group&gt;</string>
		</dict>
		<key>5638925222CE10E700D3DBD8</key>
		<dict>
			<key>fileRef</key>
			<string>5638925122CE10E700D3DBD8</string>
			<key>isa</key>
			<string>PBXBuildFile</string>
		</dict>
		<key>5638925722CE122200D3DBD8</key>
		<dict>
			<key>fileEncoding</key>
			<string>4</string>
			<key>isa</key>
			<string>PBXFileReference</string>
			<key>lastKnownFileType</key>
			<string>text.plist.xml</string>
			<key>path</key>
			<string>Entitlements.plist</string>
			<key>sourceTree</key>
			<string>&lt;group&gt;</string>
		</dict>
		<key>5638925A22CE122300D3DBD8</key>
		<dict>
			<key>fileRef</key>
			<string>5638925722CE122200D3DBD8</string>
			<key>isa</key>
			<string>PBXBuildFile</string>
		</dict>
		<key>5638926E22CE12A900D3DBD8</key>
		<dict>
			<key>children</key>
			<array>
				<string>5638933C22CE1A6F00D3DBD8</string>
				<string>5638925122CE10E700D3DBD8</string>
			</array>
			<key>isa</key>
			<string>PBXGroup</string>
			<key>path</key>
			<string>Resources</string>
			<key>sourceTree</key>
			<string>&lt;group&gt;</string>
		</dict>
		<key>5638927022CE13C200D3DBD8</key>
		<dict>
			<key>isa</key>
			<string>PBXFileReference</string>
			<key>lastKnownFileType</key>
			<string>sourcecode.swift</string>
			<key>path</key>
			<string>ViewControllersManager.swift</string>
			<key>sourceTree</key>
			<string>&lt;group&gt;</string>
		</dict>
		<key>5638927122CE13C200D3DBD8</key>
		<dict>
			<key>fileRef</key>
			<string>5638927022CE13C200D3DBD8</string>
			<key>isa</key>
			<string>PBXBuildFile</string>
		</dict>
		<key>5638933C22CE1A6F00D3DBD8</key>
		<dict>
			<key>children</key>
			<array>
				<string>5638933D22CE1A6F00D3DBD8</string>
				<string>5638933F22CE1A7900D3DBD8</string>
				<string>5638934022CE1A9F00D3DBD8</string>
				<string>5638934122CE1AAC00D3DBD8</string>
				<string>5638934222CE1AAE00D3DBD8</string>
				<string>5638934322CE1AB000D3DBD8</string>
				<string>5638934422CE1AB300D3DBD8</string>
				<string>5638934522CE1AB700D3DBD8</string>
				<string>5638934622CE1AB900D3DBD8</string>
				<string>5638934722CE1ABB00D3DBD8</string>
				<string>5638934822CE1ABD00D3DBD8</string>
				<string>5638934922CE1ABF00D3DBD8</string>
				<string>5638934A22CE1AC200D3DBD8</string>
			</array>
			<key>isa</key>
			<string>PBXVariantGroup</string>
			<key>name</key>
			<string>InfoPlist.strings</string>
			<key>sourceTree</key>
			<string>&lt;group&gt;</string>
		</dict>
		<key>5638933D22CE1A6F00D3DBD8</key>
		<dict>
			<key>isa</key>
			<string>PBXFileReference</string>
			<key>lastKnownFileType</key>
			<string>text.plist.strings</string>
			<key>name</key>
			<string>en</string>
			<key>path</key>
			<string>en.lproj/InfoPlist.strings</string>
			<key>sourceTree</key>
			<string>&lt;group&gt;</string>
		</dict>
		<key>5638933E22CE1A6F00D3DBD8</key>
		<dict>
			<key>fileRef</key>
			<string>5638933C22CE1A6F00D3DBD8</string>
			<key>isa</key>
			<string>PBXBuildFile</string>
		</dict>
		<key>5638933F22CE1A7900D3DBD8</key>
		<dict>
			<key>isa</key>
			<string>PBXFileReference</string>
			<key>lastKnownFileType</key>
			<string>text.plist.strings</string>
			<key>name</key>
			<string>da</string>
			<key>path</key>
			<string>da.lproj/InfoPlist.strings</string>
			<key>sourceTree</key>
			<string>&lt;group&gt;</string>
		</dict>
		<key>5638934022CE1A9F00D3DBD8</key>
		<dict>
			<key>isa</key>
			<string>PBXFileReference</string>
			<key>lastKnownFileType</key>
			<string>text.plist.strings</string>
			<key>name</key>
			<string>de</string>
			<key>path</key>
			<string>de.lproj/InfoPlist.strings</string>
			<key>sourceTree</key>
			<string>&lt;group&gt;</string>
		</dict>
		<key>5638934122CE1AAC00D3DBD8</key>
		<dict>
			<key>isa</key>
			<string>PBXFileReference</string>
			<key>lastKnownFileType</key>
			<string>text.plist.strings</string>
			<key>name</key>
			<string>zh-Hans</string>
			<key>path</key>
			<string>zh-Hans.lproj/InfoPlist.strings</string>
			<key>sourceTree</key>
			<string>&lt;group&gt;</string>
		</dict>
		<key>5638934222CE1AAE00D3DBD8</key>
		<dict>
			<key>isa</key>
			<string>PBXFileReference</string>
			<key>lastKnownFileType</key>
			<string>text.plist.strings</string>
			<key>name</key>
			<string>nl</string>
			<key>path</key>
			<string>nl.lproj/InfoPlist.strings</string>
			<key>sourceTree</key>
			<string>&lt;group&gt;</string>
		</dict>
		<key>5638934322CE1AB000D3DBD8</key>
		<dict>
			<key>isa</key>
			<string>PBXFileReference</string>
			<key>lastKnownFileType</key>
			<string>text.plist.strings</string>
			<key>name</key>
			<string>fr</string>
			<key>path</key>
			<string>fr.lproj/InfoPlist.strings</string>
			<key>sourceTree</key>
			<string>&lt;group&gt;</string>
		</dict>
		<key>5638934422CE1AB300D3DBD8</key>
		<dict>
			<key>isa</key>
			<string>PBXFileReference</string>
			<key>lastKnownFileType</key>
			<string>text.plist.strings</string>
			<key>name</key>
			<string>it</string>
			<key>path</key>
			<string>it.lproj/InfoPlist.strings</string>
			<key>sourceTree</key>
			<string>&lt;group&gt;</string>
		</dict>
		<key>5638934522CE1AB700D3DBD8</key>
		<dict>
			<key>isa</key>
			<string>PBXFileReference</string>
			<key>lastKnownFileType</key>
			<string>text.plist.strings</string>
			<key>name</key>
			<string>ja</string>
			<key>path</key>
			<string>ja.lproj/InfoPlist.strings</string>
			<key>sourceTree</key>
			<string>&lt;group&gt;</string>
		</dict>
		<key>5638934622CE1AB900D3DBD8</key>
		<dict>
			<key>isa</key>
			<string>PBXFileReference</string>
			<key>lastKnownFileType</key>
			<string>text.plist.strings</string>
			<key>name</key>
			<string>ko</string>
			<key>path</key>
			<string>ko.lproj/InfoPlist.strings</string>
			<key>sourceTree</key>
			<string>&lt;group&gt;</string>
		</dict>
		<key>5638934722CE1ABB00D3DBD8</key>
		<dict>
			<key>isa</key>
			<string>PBXFileReference</string>
			<key>lastKnownFileType</key>
			<string>text.plist.strings</string>
			<key>name</key>
			<string>pt</string>
			<key>path</key>
			<string>pt.lproj/InfoPlist.strings</string>
			<key>sourceTree</key>
			<string>&lt;group&gt;</string>
		</dict>
		<key>5638934822CE1ABD00D3DBD8</key>
		<dict>
			<key>isa</key>
			<string>PBXFileReference</string>
			<key>lastKnownFileType</key>
			<string>text.plist.strings</string>
			<key>name</key>
			<string>pt-PT</string>
			<key>path</key>
			<string>pt-PT.lproj/InfoPlist.strings</string>
			<key>sourceTree</key>
			<string>&lt;group&gt;</string>
		</dict>
		<key>5638934922CE1ABF00D3DBD8</key>
		<dict>
			<key>isa</key>
			<string>PBXFileReference</string>
			<key>lastKnownFileType</key>
			<string>text.plist.strings</string>
			<key>name</key>
			<string>es</string>
			<key>path</key>
			<string>es.lproj/InfoPlist.strings</string>
			<key>sourceTree</key>
			<string>&lt;group&gt;</string>
		</dict>
		<key>5638934A22CE1AC200D3DBD8</key>
		<dict>
			<key>isa</key>
			<string>PBXFileReference</string>
			<key>lastKnownFileType</key>
			<string>text.plist.strings</string>
			<key>name</key>
			<string>sv</string>
			<key>path</key>
			<string>sv.lproj/InfoPlist.strings</string>
			<key>sourceTree</key>
			<string>&lt;group&gt;</string>
		</dict>
		<key>5638934B22CE1D7200D3DBD8</key>
		<dict>
			<key>children</key>
			<array>
				<string>99E0BDC225C45BB00079A1D7</string>
				<string>7D9530EF23FECBF400D3AB60</string>
				<string>56FFB3BF2362DD5A00996162</string>
				<string>5638935E22CE1F3600D3DBD8</string>
				<string>5638935C22CE1F1000D3DBD8</string>
				<string>5638935A22CE1EEE00D3DBD8</string>
				<string>5638935822CE1EC600D3DBD8</string>
				<string>5638935522CE1EA500D3DBD8</string>
				<string>5638935322CE1E7700D3DBD8</string>
				<string>5638935122CE1E7300D3DBD8</string>
				<string>5638934F22CE1E5700D3DBD8</string>
				<string>5638934E22CE1E5100D3DBD8</string>
			</array>
			<key>isa</key>
			<string>PBXGroup</string>
			<key>name</key>
			<string>Frameworks</string>
			<key>sourceTree</key>
			<string>&lt;group&gt;</string>
		</dict>
		<key>5638934E22CE1E5100D3DBD8</key>
		<dict>
			<key>isa</key>
			<string>PBXFileReference</string>
			<key>lastKnownFileType</key>
			<string>sourcecode.text-based-dylib-definition</string>
			<key>name</key>
			<string>libz.tbd</string>
			<key>path</key>
			<string>usr/lib/libz.tbd</string>
			<key>sourceTree</key>
			<string>SDKROOT</string>
		</dict>
		<key>5638934F22CE1E5700D3DBD8</key>
		<dict>
			<key>isa</key>
			<string>PBXFileReference</string>
			<key>lastKnownFileType</key>
			<string>wrapper.framework</string>
			<key>name</key>
			<string>DeviceCheck.framework</string>
			<key>path</key>
			<string>System/Library/Frameworks/DeviceCheck.framework</string>
			<key>sourceTree</key>
			<string>SDKROOT</string>
		</dict>
		<key>5638935022CE1E5700D3DBD8</key>
		<dict>
			<key>fileRef</key>
			<string>5638934F22CE1E5700D3DBD8</string>
			<key>isa</key>
			<string>PBXBuildFile</string>
		</dict>
		<key>5638935122CE1E7300D3DBD8</key>
		<dict>
			<key>isa</key>
			<string>PBXFileReference</string>
			<key>lastKnownFileType</key>
			<string>wrapper.framework</string>
			<key>name</key>
			<string>CoreData.framework</string>
			<key>path</key>
			<string>System/Library/Frameworks/CoreData.framework</string>
			<key>sourceTree</key>
			<string>SDKROOT</string>
		</dict>
		<key>5638935222CE1E7300D3DBD8</key>
		<dict>
			<key>fileRef</key>
			<string>5638935122CE1E7300D3DBD8</string>
			<key>isa</key>
			<string>PBXBuildFile</string>
		</dict>
		<key>5638935322CE1E7700D3DBD8</key>
		<dict>
			<key>isa</key>
			<string>PBXFileReference</string>
			<key>lastKnownFileType</key>
			<string>wrapper.framework</string>
			<key>name</key>
			<string>WebKit.framework</string>
			<key>path</key>
			<string>System/Library/Frameworks/WebKit.framework</string>
			<key>sourceTree</key>
			<string>SDKROOT</string>
		</dict>
		<key>5638935422CE1E7700D3DBD8</key>
		<dict>
			<key>fileRef</key>
			<string>5638935322CE1E7700D3DBD8</string>
			<key>isa</key>
			<string>PBXBuildFile</string>
		</dict>
		<key>5638935522CE1EA500D3DBD8</key>
		<dict>
			<key>isa</key>
			<string>PBXFileReference</string>
			<key>lastKnownFileType</key>
			<string>wrapper.framework</string>
			<key>name</key>
			<string>CoreTelephony.framework</string>
			<key>path</key>
			<string>System/Library/Frameworks/CoreTelephony.framework</string>
			<key>sourceTree</key>
			<string>SDKROOT</string>
		</dict>
		<key>5638935622CE1EA500D3DBD8</key>
		<dict>
			<key>fileRef</key>
			<string>5638935522CE1EA500D3DBD8</string>
			<key>isa</key>
			<string>PBXBuildFile</string>
		</dict>
		<key>5638935722CE1EB400D3DBD8</key>
		<dict>
			<key>fileRef</key>
			<string>5638934E22CE1E5100D3DBD8</string>
			<key>isa</key>
			<string>PBXBuildFile</string>
		</dict>
		<key>5638935822CE1EC600D3DBD8</key>
		<dict>
			<key>isa</key>
			<string>PBXFileReference</string>
			<key>lastKnownFileType</key>
			<string>wrapper.framework</string>
			<key>name</key>
			<string>LocalAuthentication.framework</string>
			<key>path</key>
			<string>System/Library/Frameworks/LocalAuthentication.framework</string>
			<key>sourceTree</key>
			<string>SDKROOT</string>
		</dict>
		<key>5638935922CE1EC600D3DBD8</key>
		<dict>
			<key>fileRef</key>
			<string>5638935822CE1EC600D3DBD8</string>
			<key>isa</key>
			<string>PBXBuildFile</string>
		</dict>
		<key>5638935A22CE1EEE00D3DBD8</key>
		<dict>
			<key>isa</key>
			<string>PBXFileReference</string>
			<key>lastKnownFileType</key>
			<string>wrapper.framework</string>
			<key>name</key>
			<string>SystemConfiguration.framework</string>
			<key>path</key>
			<string>System/Library/Frameworks/SystemConfiguration.framework</string>
			<key>sourceTree</key>
			<string>SDKROOT</string>
		</dict>
		<key>5638935B22CE1EEE00D3DBD8</key>
		<dict>
			<key>fileRef</key>
			<string>5638935A22CE1EEE00D3DBD8</string>
			<key>isa</key>
			<string>PBXBuildFile</string>
		</dict>
		<key>5638935C22CE1F1000D3DBD8</key>
		<dict>
			<key>isa</key>
			<string>PBXFileReference</string>
			<key>lastKnownFileType</key>
			<string>wrapper.framework</string>
			<key>name</key>
			<string>MessageUI.framework</string>
			<key>path</key>
			<string>System/Library/Frameworks/MessageUI.framework</string>
			<key>sourceTree</key>
			<string>SDKROOT</string>
		</dict>
		<key>5638935D22CE1F1000D3DBD8</key>
		<dict>
			<key>fileRef</key>
			<string>5638935C22CE1F1000D3DBD8</string>
			<key>isa</key>
			<string>PBXBuildFile</string>
		</dict>
		<key>5638935E22CE1F3600D3DBD8</key>
		<dict>
			<key>isa</key>
			<string>PBXFileReference</string>
			<key>lastKnownFileType</key>
			<string>wrapper.framework</string>
			<key>name</key>
			<string>MobileCoreServices.framework</string>
			<key>path</key>
			<string>System/Library/Frameworks/MobileCoreServices.framework</string>
			<key>sourceTree</key>
			<string>SDKROOT</string>
		</dict>
		<key>5638935F22CE1F3600D3DBD8</key>
		<dict>
			<key>fileRef</key>
			<string>5638935E22CE1F3600D3DBD8</string>
			<key>isa</key>
			<string>PBXBuildFile</string>
		</dict>
		<key>5638936322CE215000D3DBD8</key>
		<dict>
			<key>isa</key>
			<string>PBXFileReference</string>
			<key>lastKnownFileType</key>
			<string>sourcecode.swift</string>
			<key>path</key>
			<string>AppGDiOSDelegate.swift</string>
			<key>sourceTree</key>
			<string>&lt;group&gt;</string>
		</dict>
		<key>5638936422CE215000D3DBD8</key>
		<dict>
			<key>fileRef</key>
			<string>5638936322CE215000D3DBD8</string>
			<key>isa</key>
			<string>PBXBuildFile</string>
		</dict>
		<key>56FFB3BF2362DD5A00996162</key>
		<dict>
			<key>isa</key>
			<string>PBXFileReference</string>
			<key>lastKnownFileType</key>
			<string>wrapper.framework</string>
			<key>name</key>
			<string>SafariServices.framework</string>
			<key>path</key>
			<string>System/Library/Frameworks/SafariServices.framework</string>
			<key>sourceTree</key>
			<string>SDKROOT</string>
		</dict>
		<key>56FFB3C02362DD5A00996162</key>
		<dict>
			<key>fileRef</key>
			<string>56FFB3BF2362DD5A00996162</string>
			<key>isa</key>
			<string>PBXBuildFile</string>
		</dict>
		<key>7D9530EF23FECBF400D3AB60</key>
		<dict>
			<key>isa</key>
			<string>PBXFileReference</string>
			<key>lastKnownFileType</key>
			<string>wrapper.framework</string>
			<key>name</key>
			<string>AVFoundation.framework</string>
			<key>path</key>
			<string>System/Library/Frameworks/AVFoundation.framework</string>
			<key>sourceTree</key>
			<string>SDKROOT</string>
		</dict>
		<key>7D9530F023FECBF500D3AB60</key>
		<dict>
			<key>fileRef</key>
			<string>7D9530EF23FECBF400D3AB60</string>
			<key>isa</key>
			<string>PBXBuildFile</string>
		</dict>
		<key>92A524CA2C63C246008FFAF7</key>
		<dict>
			<key>fileEncoding</key>
			<string>4</string>
			<key>isa</key>
			<string>PBXFileReference</string>
			<key>lastKnownFileType</key>
			<string>net.daringfireball.markdown</string>
			<key>path</key>
			<string>README.md</string>
			<key>sourceTree</key>
			<string>&lt;group&gt;</string>
		</dict>
		<key>92A524CC2C63C246008FFAF7</key>
		<dict>
			<key>fileRef</key>
			<string>92A524CA2C63C246008FFAF7</string>
			<key>isa</key>
			<string>PBXBuildFile</string>
		</dict>
		<key>99E0BDC225C45BB00079A1D7</key>
		<dict>
			<key>isa</key>
			<string>PBXFileReference</string>
			<key>lastKnownFileType</key>
			<string>wrapper.framework</string>
			<key>name</key>
			<string>AuthenticationServices.framework</string>
			<key>path</key>
			<string>System/Library/Frameworks/AuthenticationServices.framework</string>
			<key>sourceTree</key>
			<string>SDKROOT</string>
		</dict>
		<key>99E0BDC325C45BB00079A1D7</key>
		<dict>
			<key>fileRef</key>
			<string>99E0BDC225C45BB00079A1D7</string>
			<key>isa</key>
			<string>PBXBuildFile</string>
		</dict>
		<key>F6AB3B292637257000205670</key>
		<dict>
			<key>fileRef</key>
			<string>F6AB3B252637254F00205670</string>
			<key>isa</key>
			<string>PBXBuildFile</string>
		</dict>
		<key>F6AB3B2B2637257000205670</key>
		<dict>
			<key>fileRef</key>
			<string>F6AB3B232637254F00205670</string>
			<key>isa</key>
			<string>PBXBuildFile</string>
		</dict>
		<key>F6AB3B2D2637257000205670</key>
		<dict>
			<key>fileRef</key>
			<string>F6AB3B242637254F00205670</string>
			<key>isa</key>
			<string>PBXBuildFile</string>
		</dict>
		<key>F6EBC7822A65751C007B3620</key>
		<dict>
			<key>isa</key>
			<string>PBXFileReference</string>
			<key>lastKnownFileType</key>
			<string>text.plist.entitlements</string>
			<key>path</key>
			<string>SceneDelegate.entitlements</string>
			<key>sourceTree</key>
			<string>&lt;group&gt;</string>
		</dict>
	</dict>
	<key>rootObject</key>
	<string>563891E922CD0CB600D3DBD8</string>
</dict>
</plist>
